// !$*UTF8*$!
{
	archiveVersion = 1;
	classes = {
	};
	objectVersion = 55;
	objects = {

/* Begin PBXBuildFile section */
		94542F5F299E300F005EDB9D /* CustomButton.swift in Sources */ = {isa = PBXBuildFile; fileRef = 94542F5E299E300F005EDB9D /* CustomButton.swift */; };
		94542F70299E5987005EDB9D /* R.generated.swift in Sources */ = {isa = PBXBuildFile; fileRef = 94542F6F299E5987005EDB9D /* R.generated.swift */; };
		94542F74299E59A1005EDB9D /* Localizable.strings in Resources */ = {isa = PBXBuildFile; fileRef = 94542F76299E59A1005EDB9D /* Localizable.strings */; };
		9458BD9F29D7355D0064B58D /* DateFormatter.swift in Sources */ = {isa = PBXBuildFile; fileRef = 9458BD9E29D7355D0064B58D /* DateFormatter.swift */; };
		9462BB7A29C21B11008FFB18 /* TabBarCenterButton.swift in Sources */ = {isa = PBXBuildFile; fileRef = 9462BB7929C21B11008FFB18 /* TabBarCenterButton.swift */; };
		946625D529CF35A3001A38E0 /* UserNetworkManager.swift in Sources */ = {isa = PBXBuildFile; fileRef = 946625D429CF35A3001A38E0 /* UserNetworkManager.swift */; };
		946625D829CF3618001A38E0 /* UserModel.swift in Sources */ = {isa = PBXBuildFile; fileRef = 946625D729CF3618001A38E0 /* UserModel.swift */; };
		946625DA29CF3637001A38E0 /* ErrorModel.swift in Sources */ = {isa = PBXBuildFile; fileRef = 946625D929CF3637001A38E0 /* ErrorModel.swift */; };
		946625E129CF36A8001A38E0 /* NetworkManager.swift in Sources */ = {isa = PBXBuildFile; fileRef = 946625E029CF36A8001A38E0 /* NetworkManager.swift */; };
		946625E329CF36E7001A38E0 /* JSONParameterEncoder.swift in Sources */ = {isa = PBXBuildFile; fileRef = 946625E229CF36E7001A38E0 /* JSONParameterEncoder.swift */; };
		946625E529CF3705001A38E0 /* URLParameterEncoder.swift in Sources */ = {isa = PBXBuildFile; fileRef = 946625E429CF3705001A38E0 /* URLParameterEncoder.swift */; };
		946625E729CF371C001A38E0 /* ParameterEncoding.swift in Sources */ = {isa = PBXBuildFile; fileRef = 946625E629CF371C001A38E0 /* ParameterEncoding.swift */; };
		946625E929CF376D001A38E0 /* UserEndPoint.swift in Sources */ = {isa = PBXBuildFile; fileRef = 946625E829CF376D001A38E0 /* UserEndPoint.swift */; };
		946625EB29CF37C2001A38E0 /* EndPointType.swift in Sources */ = {isa = PBXBuildFile; fileRef = 946625EA29CF37C2001A38E0 /* EndPointType.swift */; };
		946625ED29CF37D4001A38E0 /* HTTPMethod.swift in Sources */ = {isa = PBXBuildFile; fileRef = 946625EC29CF37D4001A38E0 /* HTTPMethod.swift */; };
		946625EF29CF37E8001A38E0 /* HTTPTask.swift in Sources */ = {isa = PBXBuildFile; fileRef = 946625EE29CF37E8001A38E0 /* HTTPTask.swift */; };
		946625F129CF37FF001A38E0 /* NetworkRouter.swift in Sources */ = {isa = PBXBuildFile; fileRef = 946625F029CF37FF001A38E0 /* NetworkRouter.swift */; };
		946625F329CF3810001A38E0 /* Router.swift in Sources */ = {isa = PBXBuildFile; fileRef = 946625F229CF3810001A38E0 /* Router.swift */; };
		946625F529CF382C001A38E0 /* NetworkEnvironment.swift in Sources */ = {isa = PBXBuildFile; fileRef = 946625F429CF382C001A38E0 /* NetworkEnvironment.swift */; };
		946625F729D07462001A38E0 /* RaceEndPoint.swift in Sources */ = {isa = PBXBuildFile; fileRef = 946625F629D07462001A38E0 /* RaceEndPoint.swift */; };
		946625F929D074E9001A38E0 /* RaceNetworkManager.swift in Sources */ = {isa = PBXBuildFile; fileRef = 946625F829D074E9001A38E0 /* RaceNetworkManager.swift */; };
		946625FB29D07549001A38E0 /* RaceModel.swift in Sources */ = {isa = PBXBuildFile; fileRef = 946625FA29D07549001A38E0 /* RaceModel.swift */; };
		946C3B41299FD36300C24AF4 /* ViewController.swift in Sources */ = {isa = PBXBuildFile; fileRef = 946C3B40299FD36300C24AF4 /* ViewController.swift */; };
		946C3B4429A25D3E00C24AF4 /* RegistrationContentView.swift in Sources */ = {isa = PBXBuildFile; fileRef = 946C3B4329A25D3E00C24AF4 /* RegistrationContentView.swift */; };
		946C3B4B29A2691500C24AF4 /* RegisterPresenter.swift in Sources */ = {isa = PBXBuildFile; fileRef = 946C3B4529A2691500C24AF4 /* RegisterPresenter.swift */; };
		946C3B4C29A2691500C24AF4 /* RegisterRouter.swift in Sources */ = {isa = PBXBuildFile; fileRef = 946C3B4629A2691500C24AF4 /* RegisterRouter.swift */; };
		946C3B4D29A2691500C24AF4 /* RegisterViewController.swift in Sources */ = {isa = PBXBuildFile; fileRef = 946C3B4729A2691500C24AF4 /* RegisterViewController.swift */; };
		946C3B4E29A2691500C24AF4 /* RegisterProtocols.swift in Sources */ = {isa = PBXBuildFile; fileRef = 946C3B4829A2691500C24AF4 /* RegisterProtocols.swift */; };
		946C3B4F29A2691500C24AF4 /* RegisterInteractor.swift in Sources */ = {isa = PBXBuildFile; fileRef = 946C3B4929A2691500C24AF4 /* RegisterInteractor.swift */; };
		946C3B5029A2691500C24AF4 /* RegisterContainer.swift in Sources */ = {isa = PBXBuildFile; fileRef = 946C3B4A29A2691500C24AF4 /* RegisterContainer.swift */; };
		946C3B5229A27B4300C24AF4 /* LoginContentView.swift in Sources */ = {isa = PBXBuildFile; fileRef = 946C3B5129A27B4300C24AF4 /* LoginContentView.swift */; };
		946C3B5429A9136900C24AF4 /* AuthCoordinator.swift in Sources */ = {isa = PBXBuildFile; fileRef = 946C3B5329A9136900C24AF4 /* AuthCoordinator.swift */; };
		946C3B5829A913BF00C24AF4 /* CoordinatorProtocol.swift in Sources */ = {isa = PBXBuildFile; fileRef = 946C3B5729A913BF00C24AF4 /* CoordinatorProtocol.swift */; };
		946C3B6229A92A8600C24AF4 /* EventsPresenter.swift in Sources */ = {isa = PBXBuildFile; fileRef = 946C3B5C29A92A8600C24AF4 /* EventsPresenter.swift */; };
		946C3B6329A92A8600C24AF4 /* EventsRouter.swift in Sources */ = {isa = PBXBuildFile; fileRef = 946C3B5D29A92A8600C24AF4 /* EventsRouter.swift */; };
		946C3B6429A92A8600C24AF4 /* EventsViewController.swift in Sources */ = {isa = PBXBuildFile; fileRef = 946C3B5E29A92A8600C24AF4 /* EventsViewController.swift */; };
		946C3B6529A92A8600C24AF4 /* EventsProtocols.swift in Sources */ = {isa = PBXBuildFile; fileRef = 946C3B5F29A92A8600C24AF4 /* EventsProtocols.swift */; };
		946C3B6629A92A8600C24AF4 /* EventsInteractor.swift in Sources */ = {isa = PBXBuildFile; fileRef = 946C3B6029A92A8600C24AF4 /* EventsInteractor.swift */; };
		946C3B6729A92A8600C24AF4 /* EventsContainer.swift in Sources */ = {isa = PBXBuildFile; fileRef = 946C3B6129A92A8600C24AF4 /* EventsContainer.swift */; };
		946C3B7A29A92C2500C24AF4 /* ProfilePresenter.swift in Sources */ = {isa = PBXBuildFile; fileRef = 946C3B7429A92C2500C24AF4 /* ProfilePresenter.swift */; };
		946C3B7B29A92C2500C24AF4 /* ProfileRouter.swift in Sources */ = {isa = PBXBuildFile; fileRef = 946C3B7529A92C2500C24AF4 /* ProfileRouter.swift */; };
		946C3B7C29A92C2500C24AF4 /* ProfileViewController.swift in Sources */ = {isa = PBXBuildFile; fileRef = 946C3B7629A92C2500C24AF4 /* ProfileViewController.swift */; };
		946C3B7D29A92C2500C24AF4 /* ProfileProtocols.swift in Sources */ = {isa = PBXBuildFile; fileRef = 946C3B7729A92C2500C24AF4 /* ProfileProtocols.swift */; };
		946C3B7E29A92C2500C24AF4 /* ProfileInteractor.swift in Sources */ = {isa = PBXBuildFile; fileRef = 946C3B7829A92C2500C24AF4 /* ProfileInteractor.swift */; };
		946C3B7F29A92C2500C24AF4 /* ProfileContainer.swift in Sources */ = {isa = PBXBuildFile; fileRef = 946C3B7929A92C2500C24AF4 /* ProfileContainer.swift */; };
		946C3B8129A92C4D00C24AF4 /* MainFlowCoordinator.swift in Sources */ = {isa = PBXBuildFile; fileRef = 946C3B8029A92C4D00C24AF4 /* MainFlowCoordinator.swift */; };
		946C3B8329A92EC400C24AF4 /* AppCoordinator.swift in Sources */ = {isa = PBXBuildFile; fileRef = 946C3B8229A92EC400C24AF4 /* AppCoordinator.swift */; };
		946C3B8529ABA20400C24AF4 /* CustomTabBar.swift in Sources */ = {isa = PBXBuildFile; fileRef = 946C3B8429ABA20400C24AF4 /* CustomTabBar.swift */; };
		946C3B8D29AD2F9D00C24AF4 /* AddRacePresenter.swift in Sources */ = {isa = PBXBuildFile; fileRef = 946C3B8729AD2F9D00C24AF4 /* AddRacePresenter.swift */; };
		946C3B8E29AD2F9D00C24AF4 /* AddRaceRouter.swift in Sources */ = {isa = PBXBuildFile; fileRef = 946C3B8829AD2F9D00C24AF4 /* AddRaceRouter.swift */; };
		946C3B8F29AD2F9D00C24AF4 /* AddRaceViewController.swift in Sources */ = {isa = PBXBuildFile; fileRef = 946C3B8929AD2F9D00C24AF4 /* AddRaceViewController.swift */; };
		946C3B9029AD2F9D00C24AF4 /* AddRaceProtocols.swift in Sources */ = {isa = PBXBuildFile; fileRef = 946C3B8A29AD2F9D00C24AF4 /* AddRaceProtocols.swift */; };
		946C3B9129AD2F9D00C24AF4 /* AddRaceInteractor.swift in Sources */ = {isa = PBXBuildFile; fileRef = 946C3B8B29AD2F9D00C24AF4 /* AddRaceInteractor.swift */; };
		946C3B9229AD2F9D00C24AF4 /* AddRaceContainer.swift in Sources */ = {isa = PBXBuildFile; fileRef = 946C3B8C29AD2F9D00C24AF4 /* AddRaceContainer.swift */; };
		946C3B9529AD312900C24AF4 /* EventCell.swift in Sources */ = {isa = PBXBuildFile; fileRef = 946C3B9429AD312900C24AF4 /* EventCell.swift */; };
		946C3B9729AD374100C24AF4 /* ReuseIdentifier.swift in Sources */ = {isa = PBXBuildFile; fileRef = 946C3B9629AD374100C24AF4 /* ReuseIdentifier.swift */; };
		94A85FDC29C723CD00C0544E /* HelmetAnimation2.json in Resources */ = {isa = PBXBuildFile; fileRef = 94A85FDB29C723CD00C0544E /* HelmetAnimation2.json */; };
		94A85FDE29C724A800C0544E /* JSONEnum.swift in Sources */ = {isa = PBXBuildFile; fileRef = 94A85FDD29C724A800C0544E /* JSONEnum.swift */; };
		94A85FE029CA0E0300C0544E /* ImagePicker.swift in Sources */ = {isa = PBXBuildFile; fileRef = 94A85FDF29CA0E0300C0544E /* ImagePicker.swift */; };
		94B113CF29B0E0A200856A5B /* CustomNavigationBar.swift in Sources */ = {isa = PBXBuildFile; fileRef = 94B113CE29B0E0A200856A5B /* CustomNavigationBar.swift */; };
		94B113D129B34F0C00856A5B /* EventsInfoStackView.swift in Sources */ = {isa = PBXBuildFile; fileRef = 94B113D029B34F0B00856A5B /* EventsInfoStackView.swift */; };
		94B113D329B3C55700856A5B /* ProfileView.swift in Sources */ = {isa = PBXBuildFile; fileRef = 94B113D229B3C55700856A5B /* ProfileView.swift */; };
		94B113D629B3C75900856A5B /* ProfileCell.swift in Sources */ = {isa = PBXBuildFile; fileRef = 94B113D529B3C75900856A5B /* ProfileCell.swift */; };
		94B113DA29B3D5E800856A5B /* ProfileActionView.swift in Sources */ = {isa = PBXBuildFile; fileRef = 94B113D929B3D5E800856A5B /* ProfileActionView.swift */; };
		94BA4BDA29C60AD6000BEB59 /* AddRaceContentView.swift in Sources */ = {isa = PBXBuildFile; fileRef = 94BA4BD929C60AD6000BEB59 /* AddRaceContentView.swift */; };
		94C58D3D2995358F009FB37F /* AppDelegate.swift in Sources */ = {isa = PBXBuildFile; fileRef = 94C58D3C2995358F009FB37F /* AppDelegate.swift */; };
		94C58D3F2995358F009FB37F /* SceneDelegate.swift in Sources */ = {isa = PBXBuildFile; fileRef = 94C58D3E2995358F009FB37F /* SceneDelegate.swift */; };
		94C58D442995358F009FB37F /* Main.storyboard in Resources */ = {isa = PBXBuildFile; fileRef = 94C58D422995358F009FB37F /* Main.storyboard */; };
		94C58D4629953590009FB37F /* Assets.xcassets in Resources */ = {isa = PBXBuildFile; fileRef = 94C58D4529953590009FB37F /* Assets.xcassets */; };
		94C58D4929953590009FB37F /* LaunchScreen.storyboard in Resources */ = {isa = PBXBuildFile; fileRef = 94C58D4729953590009FB37F /* LaunchScreen.storyboard */; };
		94C58D5829953985009FB37F /* EnterPresenter.swift in Sources */ = {isa = PBXBuildFile; fileRef = 94C58D5229953985009FB37F /* EnterPresenter.swift */; };
		94C58D5929953985009FB37F /* EnterRouter.swift in Sources */ = {isa = PBXBuildFile; fileRef = 94C58D5329953985009FB37F /* EnterRouter.swift */; };
		94C58D5A29953985009FB37F /* EnterViewController.swift in Sources */ = {isa = PBXBuildFile; fileRef = 94C58D5429953985009FB37F /* EnterViewController.swift */; };
		94C58D5B29953985009FB37F /* EnterProtocols.swift in Sources */ = {isa = PBXBuildFile; fileRef = 94C58D5529953985009FB37F /* EnterProtocols.swift */; };
		94C58D5C29953985009FB37F /* EnterInteractor.swift in Sources */ = {isa = PBXBuildFile; fileRef = 94C58D5629953985009FB37F /* EnterInteractor.swift */; };
		94C58D5D29953985009FB37F /* EnterContainer.swift in Sources */ = {isa = PBXBuildFile; fileRef = 94C58D5729953985009FB37F /* EnterContainer.swift */; };
		94C58D6029953A08009FB37F /* UIView+Layout.swift in Sources */ = {isa = PBXBuildFile; fileRef = 94C58D5F29953A08009FB37F /* UIView+Layout.swift */; };
		94C58D6229953BE0009FB37F /* ColorExtension.swift in Sources */ = {isa = PBXBuildFile; fileRef = 94C58D6129953BE0009FB37F /* ColorExtension.swift */; };
		94C58D6429953BF8009FB37F /* ImageExtension.swift in Sources */ = {isa = PBXBuildFile; fileRef = 94C58D6329953BF8009FB37F /* ImageExtension.swift */; };
		94C58D6C29969D00009FB37F /* LoginPresenter.swift in Sources */ = {isa = PBXBuildFile; fileRef = 94C58D6629969D00009FB37F /* LoginPresenter.swift */; };
		94C58D6D29969D00009FB37F /* LoginRouter.swift in Sources */ = {isa = PBXBuildFile; fileRef = 94C58D6729969D00009FB37F /* LoginRouter.swift */; };
		94C58D6E29969D00009FB37F /* LoginViewController.swift in Sources */ = {isa = PBXBuildFile; fileRef = 94C58D6829969D00009FB37F /* LoginViewController.swift */; };
		94C58D6F29969D00009FB37F /* LoginProtocols.swift in Sources */ = {isa = PBXBuildFile; fileRef = 94C58D6929969D00009FB37F /* LoginProtocols.swift */; };
		94C58D7029969D00009FB37F /* LoginInteractor.swift in Sources */ = {isa = PBXBuildFile; fileRef = 94C58D6A29969D00009FB37F /* LoginInteractor.swift */; };
		94C58D7129969D00009FB37F /* LoginContainer.swift in Sources */ = {isa = PBXBuildFile; fileRef = 94C58D6B29969D00009FB37F /* LoginContainer.swift */; };
		94C58D742996A196009FB37F /* CustomTF.swift in Sources */ = {isa = PBXBuildFile; fileRef = 94C58D732996A196009FB37F /* CustomTF.swift */; };
		94C58D762996A313009FB37F /* LoginStackView.swift in Sources */ = {isa = PBXBuildFile; fileRef = 94C58D752996A313009FB37F /* LoginStackView.swift */; };
		94C8E4DB29B4A3CF00CAC844 /* EventPresenter.swift in Sources */ = {isa = PBXBuildFile; fileRef = 94C8E4D529B4A3CF00CAC844 /* EventPresenter.swift */; };
		94C8E4DC29B4A3CF00CAC844 /* EventRouter.swift in Sources */ = {isa = PBXBuildFile; fileRef = 94C8E4D629B4A3CF00CAC844 /* EventRouter.swift */; };
		94C8E4DD29B4A3CF00CAC844 /* EventViewController.swift in Sources */ = {isa = PBXBuildFile; fileRef = 94C8E4D729B4A3CF00CAC844 /* EventViewController.swift */; };
		94C8E4DE29B4A3CF00CAC844 /* EventProtocols.swift in Sources */ = {isa = PBXBuildFile; fileRef = 94C8E4D829B4A3CF00CAC844 /* EventProtocols.swift */; };
		94C8E4DF29B4A3CF00CAC844 /* EventInteractor.swift in Sources */ = {isa = PBXBuildFile; fileRef = 94C8E4D929B4A3CF00CAC844 /* EventInteractor.swift */; };
		94C8E4E029B4A3CF00CAC844 /* EventContainer.swift in Sources */ = {isa = PBXBuildFile; fileRef = 94C8E4DA29B4A3CF00CAC844 /* EventContainer.swift */; };
		94C8E4E229B4A4C100CAC844 /* EventContentView.swift in Sources */ = {isa = PBXBuildFile; fileRef = 94C8E4E129B4A4C100CAC844 /* EventContentView.swift */; };
		F110385A63270B25A95DC4E1 /* Pods_MarshalOne.framework in Frameworks */ = {isa = PBXBuildFile; fileRef = B5DA36353E2BAC45D42E7603 /* Pods_MarshalOne.framework */; };
/* End PBXBuildFile section */

/* Begin PBXFileReference section */
		23FD6B248BDB7325CA7B0FD0 /* Pods-MarshalOne.debug.xcconfig */ = {isa = PBXFileReference; includeInIndex = 1; lastKnownFileType = text.xcconfig; name = "Pods-MarshalOne.debug.xcconfig"; path = "Target Support Files/Pods-MarshalOne/Pods-MarshalOne.debug.xcconfig"; sourceTree = "<group>"; };
		94542F5E299E300F005EDB9D /* CustomButton.swift */ = {isa = PBXFileReference; lastKnownFileType = sourcecode.swift; path = CustomButton.swift; sourceTree = "<group>"; };
		94542F6F299E5987005EDB9D /* R.generated.swift */ = {isa = PBXFileReference; fileEncoding = 4; lastKnownFileType = sourcecode.swift; path = R.generated.swift; sourceTree = "<group>"; };
		94542F75299E59A1005EDB9D /* en */ = {isa = PBXFileReference; lastKnownFileType = text.plist.strings; name = en; path = en.lproj/Localizable.strings; sourceTree = "<group>"; };
		94542F77299E59BA005EDB9D /* ru */ = {isa = PBXFileReference; lastKnownFileType = text.plist.strings; name = ru; path = ru.lproj/Localizable.strings; sourceTree = "<group>"; };
		9458BD9E29D7355D0064B58D /* DateFormatter.swift */ = {isa = PBXFileReference; lastKnownFileType = sourcecode.swift; path = DateFormatter.swift; sourceTree = "<group>"; };
		9462BB7929C21B11008FFB18 /* TabBarCenterButton.swift */ = {isa = PBXFileReference; lastKnownFileType = sourcecode.swift; path = TabBarCenterButton.swift; sourceTree = "<group>"; };
		946625D429CF35A3001A38E0 /* UserNetworkManager.swift */ = {isa = PBXFileReference; lastKnownFileType = sourcecode.swift; path = UserNetworkManager.swift; sourceTree = "<group>"; };
		946625D729CF3618001A38E0 /* UserModel.swift */ = {isa = PBXFileReference; lastKnownFileType = sourcecode.swift; path = UserModel.swift; sourceTree = "<group>"; };
		946625D929CF3637001A38E0 /* ErrorModel.swift */ = {isa = PBXFileReference; lastKnownFileType = sourcecode.swift; path = ErrorModel.swift; sourceTree = "<group>"; };
		946625E029CF36A8001A38E0 /* NetworkManager.swift */ = {isa = PBXFileReference; lastKnownFileType = sourcecode.swift; path = NetworkManager.swift; sourceTree = "<group>"; };
		946625E229CF36E7001A38E0 /* JSONParameterEncoder.swift */ = {isa = PBXFileReference; lastKnownFileType = sourcecode.swift; path = JSONParameterEncoder.swift; sourceTree = "<group>"; };
		946625E429CF3705001A38E0 /* URLParameterEncoder.swift */ = {isa = PBXFileReference; lastKnownFileType = sourcecode.swift; path = URLParameterEncoder.swift; sourceTree = "<group>"; };
		946625E629CF371C001A38E0 /* ParameterEncoding.swift */ = {isa = PBXFileReference; lastKnownFileType = sourcecode.swift; path = ParameterEncoding.swift; sourceTree = "<group>"; };
		946625E829CF376D001A38E0 /* UserEndPoint.swift */ = {isa = PBXFileReference; lastKnownFileType = sourcecode.swift; path = UserEndPoint.swift; sourceTree = "<group>"; };
		946625EA29CF37C2001A38E0 /* EndPointType.swift */ = {isa = PBXFileReference; lastKnownFileType = sourcecode.swift; path = EndPointType.swift; sourceTree = "<group>"; };
		946625EC29CF37D4001A38E0 /* HTTPMethod.swift */ = {isa = PBXFileReference; lastKnownFileType = sourcecode.swift; path = HTTPMethod.swift; sourceTree = "<group>"; };
		946625EE29CF37E8001A38E0 /* HTTPTask.swift */ = {isa = PBXFileReference; lastKnownFileType = sourcecode.swift; path = HTTPTask.swift; sourceTree = "<group>"; };
		946625F029CF37FF001A38E0 /* NetworkRouter.swift */ = {isa = PBXFileReference; lastKnownFileType = sourcecode.swift; path = NetworkRouter.swift; sourceTree = "<group>"; };
		946625F229CF3810001A38E0 /* Router.swift */ = {isa = PBXFileReference; lastKnownFileType = sourcecode.swift; path = Router.swift; sourceTree = "<group>"; };
		946625F429CF382C001A38E0 /* NetworkEnvironment.swift */ = {isa = PBXFileReference; lastKnownFileType = sourcecode.swift; path = NetworkEnvironment.swift; sourceTree = "<group>"; };
		946625F629D07462001A38E0 /* RaceEndPoint.swift */ = {isa = PBXFileReference; lastKnownFileType = sourcecode.swift; path = RaceEndPoint.swift; sourceTree = "<group>"; };
		946625F829D074E9001A38E0 /* RaceNetworkManager.swift */ = {isa = PBXFileReference; lastKnownFileType = sourcecode.swift; path = RaceNetworkManager.swift; sourceTree = "<group>"; };
		946625FA29D07549001A38E0 /* RaceModel.swift */ = {isa = PBXFileReference; lastKnownFileType = sourcecode.swift; path = RaceModel.swift; sourceTree = "<group>"; };
		946C3B40299FD36300C24AF4 /* ViewController.swift */ = {isa = PBXFileReference; lastKnownFileType = sourcecode.swift; path = ViewController.swift; sourceTree = "<group>"; };
		946C3B4329A25D3E00C24AF4 /* RegistrationContentView.swift */ = {isa = PBXFileReference; lastKnownFileType = sourcecode.swift; path = RegistrationContentView.swift; sourceTree = "<group>"; };
		946C3B4529A2691500C24AF4 /* RegisterPresenter.swift */ = {isa = PBXFileReference; lastKnownFileType = sourcecode.swift; path = RegisterPresenter.swift; sourceTree = "<group>"; };
		946C3B4629A2691500C24AF4 /* RegisterRouter.swift */ = {isa = PBXFileReference; lastKnownFileType = sourcecode.swift; path = RegisterRouter.swift; sourceTree = "<group>"; };
		946C3B4729A2691500C24AF4 /* RegisterViewController.swift */ = {isa = PBXFileReference; lastKnownFileType = sourcecode.swift; path = RegisterViewController.swift; sourceTree = "<group>"; };
		946C3B4829A2691500C24AF4 /* RegisterProtocols.swift */ = {isa = PBXFileReference; lastKnownFileType = sourcecode.swift; path = RegisterProtocols.swift; sourceTree = "<group>"; };
		946C3B4929A2691500C24AF4 /* RegisterInteractor.swift */ = {isa = PBXFileReference; lastKnownFileType = sourcecode.swift; path = RegisterInteractor.swift; sourceTree = "<group>"; };
		946C3B4A29A2691500C24AF4 /* RegisterContainer.swift */ = {isa = PBXFileReference; lastKnownFileType = sourcecode.swift; path = RegisterContainer.swift; sourceTree = "<group>"; };
		946C3B5129A27B4300C24AF4 /* LoginContentView.swift */ = {isa = PBXFileReference; lastKnownFileType = sourcecode.swift; path = LoginContentView.swift; sourceTree = "<group>"; };
		946C3B5329A9136900C24AF4 /* AuthCoordinator.swift */ = {isa = PBXFileReference; lastKnownFileType = sourcecode.swift; path = AuthCoordinator.swift; sourceTree = "<group>"; };
		946C3B5729A913BF00C24AF4 /* CoordinatorProtocol.swift */ = {isa = PBXFileReference; lastKnownFileType = sourcecode.swift; path = CoordinatorProtocol.swift; sourceTree = "<group>"; };
		946C3B5C29A92A8600C24AF4 /* EventsPresenter.swift */ = {isa = PBXFileReference; lastKnownFileType = sourcecode.swift; path = EventsPresenter.swift; sourceTree = "<group>"; };
		946C3B5D29A92A8600C24AF4 /* EventsRouter.swift */ = {isa = PBXFileReference; lastKnownFileType = sourcecode.swift; path = EventsRouter.swift; sourceTree = "<group>"; };
		946C3B5E29A92A8600C24AF4 /* EventsViewController.swift */ = {isa = PBXFileReference; lastKnownFileType = sourcecode.swift; path = EventsViewController.swift; sourceTree = "<group>"; };
		946C3B5F29A92A8600C24AF4 /* EventsProtocols.swift */ = {isa = PBXFileReference; lastKnownFileType = sourcecode.swift; path = EventsProtocols.swift; sourceTree = "<group>"; };
		946C3B6029A92A8600C24AF4 /* EventsInteractor.swift */ = {isa = PBXFileReference; lastKnownFileType = sourcecode.swift; path = EventsInteractor.swift; sourceTree = "<group>"; };
		946C3B6129A92A8600C24AF4 /* EventsContainer.swift */ = {isa = PBXFileReference; lastKnownFileType = sourcecode.swift; path = EventsContainer.swift; sourceTree = "<group>"; };
		946C3B7429A92C2500C24AF4 /* ProfilePresenter.swift */ = {isa = PBXFileReference; lastKnownFileType = sourcecode.swift; path = ProfilePresenter.swift; sourceTree = "<group>"; };
		946C3B7529A92C2500C24AF4 /* ProfileRouter.swift */ = {isa = PBXFileReference; lastKnownFileType = sourcecode.swift; path = ProfileRouter.swift; sourceTree = "<group>"; };
		946C3B7629A92C2500C24AF4 /* ProfileViewController.swift */ = {isa = PBXFileReference; lastKnownFileType = sourcecode.swift; path = ProfileViewController.swift; sourceTree = "<group>"; };
		946C3B7729A92C2500C24AF4 /* ProfileProtocols.swift */ = {isa = PBXFileReference; lastKnownFileType = sourcecode.swift; path = ProfileProtocols.swift; sourceTree = "<group>"; };
		946C3B7829A92C2500C24AF4 /* ProfileInteractor.swift */ = {isa = PBXFileReference; lastKnownFileType = sourcecode.swift; path = ProfileInteractor.swift; sourceTree = "<group>"; };
		946C3B7929A92C2500C24AF4 /* ProfileContainer.swift */ = {isa = PBXFileReference; lastKnownFileType = sourcecode.swift; path = ProfileContainer.swift; sourceTree = "<group>"; };
		946C3B8029A92C4D00C24AF4 /* MainFlowCoordinator.swift */ = {isa = PBXFileReference; lastKnownFileType = sourcecode.swift; path = MainFlowCoordinator.swift; sourceTree = "<group>"; };
		946C3B8229A92EC400C24AF4 /* AppCoordinator.swift */ = {isa = PBXFileReference; lastKnownFileType = sourcecode.swift; path = AppCoordinator.swift; sourceTree = "<group>"; };
		946C3B8429ABA20400C24AF4 /* CustomTabBar.swift */ = {isa = PBXFileReference; lastKnownFileType = sourcecode.swift; path = CustomTabBar.swift; sourceTree = "<group>"; };
		946C3B8729AD2F9D00C24AF4 /* AddRacePresenter.swift */ = {isa = PBXFileReference; lastKnownFileType = sourcecode.swift; path = AddRacePresenter.swift; sourceTree = "<group>"; };
		946C3B8829AD2F9D00C24AF4 /* AddRaceRouter.swift */ = {isa = PBXFileReference; lastKnownFileType = sourcecode.swift; path = AddRaceRouter.swift; sourceTree = "<group>"; };
		946C3B8929AD2F9D00C24AF4 /* AddRaceViewController.swift */ = {isa = PBXFileReference; lastKnownFileType = sourcecode.swift; path = AddRaceViewController.swift; sourceTree = "<group>"; };
		946C3B8A29AD2F9D00C24AF4 /* AddRaceProtocols.swift */ = {isa = PBXFileReference; lastKnownFileType = sourcecode.swift; path = AddRaceProtocols.swift; sourceTree = "<group>"; };
		946C3B8B29AD2F9D00C24AF4 /* AddRaceInteractor.swift */ = {isa = PBXFileReference; lastKnownFileType = sourcecode.swift; path = AddRaceInteractor.swift; sourceTree = "<group>"; };
		946C3B8C29AD2F9D00C24AF4 /* AddRaceContainer.swift */ = {isa = PBXFileReference; lastKnownFileType = sourcecode.swift; path = AddRaceContainer.swift; sourceTree = "<group>"; };
		946C3B9429AD312900C24AF4 /* EventCell.swift */ = {isa = PBXFileReference; lastKnownFileType = sourcecode.swift; path = EventCell.swift; sourceTree = "<group>"; };
		946C3B9629AD374100C24AF4 /* ReuseIdentifier.swift */ = {isa = PBXFileReference; lastKnownFileType = sourcecode.swift; path = ReuseIdentifier.swift; sourceTree = "<group>"; };
		94A85FDB29C723CD00C0544E /* HelmetAnimation2.json */ = {isa = PBXFileReference; fileEncoding = 4; lastKnownFileType = text.json; path = HelmetAnimation2.json; sourceTree = "<group>"; };
		94A85FDD29C724A800C0544E /* JSONEnum.swift */ = {isa = PBXFileReference; lastKnownFileType = sourcecode.swift; path = JSONEnum.swift; sourceTree = "<group>"; };
		94A85FDF29CA0E0300C0544E /* ImagePicker.swift */ = {isa = PBXFileReference; lastKnownFileType = sourcecode.swift; path = ImagePicker.swift; sourceTree = "<group>"; };
		94B113CE29B0E0A200856A5B /* CustomNavigationBar.swift */ = {isa = PBXFileReference; lastKnownFileType = sourcecode.swift; path = CustomNavigationBar.swift; sourceTree = "<group>"; };
		94B113D029B34F0B00856A5B /* EventsInfoStackView.swift */ = {isa = PBXFileReference; lastKnownFileType = sourcecode.swift; path = EventsInfoStackView.swift; sourceTree = "<group>"; };
		94B113D229B3C55700856A5B /* ProfileView.swift */ = {isa = PBXFileReference; lastKnownFileType = sourcecode.swift; path = ProfileView.swift; sourceTree = "<group>"; };
		94B113D529B3C75900856A5B /* ProfileCell.swift */ = {isa = PBXFileReference; lastKnownFileType = sourcecode.swift; path = ProfileCell.swift; sourceTree = "<group>"; };
		94B113D929B3D5E800856A5B /* ProfileActionView.swift */ = {isa = PBXFileReference; lastKnownFileType = sourcecode.swift; path = ProfileActionView.swift; sourceTree = "<group>"; };
		94BA4BD929C60AD6000BEB59 /* AddRaceContentView.swift */ = {isa = PBXFileReference; lastKnownFileType = sourcecode.swift; path = AddRaceContentView.swift; sourceTree = "<group>"; };
		94C58D392995358F009FB37F /* MarshalOne.app */ = {isa = PBXFileReference; explicitFileType = wrapper.application; includeInIndex = 0; path = MarshalOne.app; sourceTree = BUILT_PRODUCTS_DIR; };
		94C58D3C2995358F009FB37F /* AppDelegate.swift */ = {isa = PBXFileReference; lastKnownFileType = sourcecode.swift; path = AppDelegate.swift; sourceTree = "<group>"; };
		94C58D3E2995358F009FB37F /* SceneDelegate.swift */ = {isa = PBXFileReference; lastKnownFileType = sourcecode.swift; path = SceneDelegate.swift; sourceTree = "<group>"; };
		94C58D432995358F009FB37F /* Base */ = {isa = PBXFileReference; lastKnownFileType = file.storyboard; name = Base; path = Base.lproj/Main.storyboard; sourceTree = "<group>"; };
		94C58D4529953590009FB37F /* Assets.xcassets */ = {isa = PBXFileReference; lastKnownFileType = folder.assetcatalog; path = Assets.xcassets; sourceTree = "<group>"; };
		94C58D4829953590009FB37F /* Base */ = {isa = PBXFileReference; lastKnownFileType = file.storyboard; name = Base; path = Base.lproj/LaunchScreen.storyboard; sourceTree = "<group>"; };
		94C58D4A29953590009FB37F /* Info.plist */ = {isa = PBXFileReference; lastKnownFileType = text.plist.xml; path = Info.plist; sourceTree = "<group>"; };
		94C58D5229953985009FB37F /* EnterPresenter.swift */ = {isa = PBXFileReference; lastKnownFileType = sourcecode.swift; path = EnterPresenter.swift; sourceTree = "<group>"; };
		94C58D5329953985009FB37F /* EnterRouter.swift */ = {isa = PBXFileReference; lastKnownFileType = sourcecode.swift; path = EnterRouter.swift; sourceTree = "<group>"; };
		94C58D5429953985009FB37F /* EnterViewController.swift */ = {isa = PBXFileReference; lastKnownFileType = sourcecode.swift; path = EnterViewController.swift; sourceTree = "<group>"; };
		94C58D5529953985009FB37F /* EnterProtocols.swift */ = {isa = PBXFileReference; lastKnownFileType = sourcecode.swift; path = EnterProtocols.swift; sourceTree = "<group>"; };
		94C58D5629953985009FB37F /* EnterInteractor.swift */ = {isa = PBXFileReference; lastKnownFileType = sourcecode.swift; path = EnterInteractor.swift; sourceTree = "<group>"; };
		94C58D5729953985009FB37F /* EnterContainer.swift */ = {isa = PBXFileReference; lastKnownFileType = sourcecode.swift; path = EnterContainer.swift; sourceTree = "<group>"; };
		94C58D5F29953A08009FB37F /* UIView+Layout.swift */ = {isa = PBXFileReference; lastKnownFileType = sourcecode.swift; path = "UIView+Layout.swift"; sourceTree = "<group>"; };
		94C58D6129953BE0009FB37F /* ColorExtension.swift */ = {isa = PBXFileReference; lastKnownFileType = sourcecode.swift; path = ColorExtension.swift; sourceTree = "<group>"; };
		94C58D6329953BF8009FB37F /* ImageExtension.swift */ = {isa = PBXFileReference; lastKnownFileType = sourcecode.swift; path = ImageExtension.swift; sourceTree = "<group>"; };
		94C58D6629969D00009FB37F /* LoginPresenter.swift */ = {isa = PBXFileReference; lastKnownFileType = sourcecode.swift; path = LoginPresenter.swift; sourceTree = "<group>"; };
		94C58D6729969D00009FB37F /* LoginRouter.swift */ = {isa = PBXFileReference; lastKnownFileType = sourcecode.swift; path = LoginRouter.swift; sourceTree = "<group>"; };
		94C58D6829969D00009FB37F /* LoginViewController.swift */ = {isa = PBXFileReference; lastKnownFileType = sourcecode.swift; path = LoginViewController.swift; sourceTree = "<group>"; };
		94C58D6929969D00009FB37F /* LoginProtocols.swift */ = {isa = PBXFileReference; lastKnownFileType = sourcecode.swift; path = LoginProtocols.swift; sourceTree = "<group>"; };
		94C58D6A29969D00009FB37F /* LoginInteractor.swift */ = {isa = PBXFileReference; lastKnownFileType = sourcecode.swift; path = LoginInteractor.swift; sourceTree = "<group>"; };
		94C58D6B29969D00009FB37F /* LoginContainer.swift */ = {isa = PBXFileReference; lastKnownFileType = sourcecode.swift; path = LoginContainer.swift; sourceTree = "<group>"; };
		94C58D732996A196009FB37F /* CustomTF.swift */ = {isa = PBXFileReference; lastKnownFileType = sourcecode.swift; path = CustomTF.swift; sourceTree = "<group>"; };
		94C58D752996A313009FB37F /* LoginStackView.swift */ = {isa = PBXFileReference; lastKnownFileType = sourcecode.swift; path = LoginStackView.swift; sourceTree = "<group>"; };
		94C8E4D529B4A3CF00CAC844 /* EventPresenter.swift */ = {isa = PBXFileReference; lastKnownFileType = sourcecode.swift; path = EventPresenter.swift; sourceTree = "<group>"; };
		94C8E4D629B4A3CF00CAC844 /* EventRouter.swift */ = {isa = PBXFileReference; lastKnownFileType = sourcecode.swift; path = EventRouter.swift; sourceTree = "<group>"; };
		94C8E4D729B4A3CF00CAC844 /* EventViewController.swift */ = {isa = PBXFileReference; lastKnownFileType = sourcecode.swift; path = EventViewController.swift; sourceTree = "<group>"; };
		94C8E4D829B4A3CF00CAC844 /* EventProtocols.swift */ = {isa = PBXFileReference; lastKnownFileType = sourcecode.swift; path = EventProtocols.swift; sourceTree = "<group>"; };
		94C8E4D929B4A3CF00CAC844 /* EventInteractor.swift */ = {isa = PBXFileReference; lastKnownFileType = sourcecode.swift; path = EventInteractor.swift; sourceTree = "<group>"; };
		94C8E4DA29B4A3CF00CAC844 /* EventContainer.swift */ = {isa = PBXFileReference; lastKnownFileType = sourcecode.swift; path = EventContainer.swift; sourceTree = "<group>"; };
		94C8E4E129B4A4C100CAC844 /* EventContentView.swift */ = {isa = PBXFileReference; lastKnownFileType = sourcecode.swift; path = EventContentView.swift; sourceTree = "<group>"; };
		B5DA36353E2BAC45D42E7603 /* Pods_MarshalOne.framework */ = {isa = PBXFileReference; explicitFileType = wrapper.framework; includeInIndex = 0; path = Pods_MarshalOne.framework; sourceTree = BUILT_PRODUCTS_DIR; };
		E94F0E39A978B961C4652411 /* Pods-MarshalOne.release.xcconfig */ = {isa = PBXFileReference; includeInIndex = 1; lastKnownFileType = text.xcconfig; name = "Pods-MarshalOne.release.xcconfig"; path = "Target Support Files/Pods-MarshalOne/Pods-MarshalOne.release.xcconfig"; sourceTree = "<group>"; };
/* End PBXFileReference section */

/* Begin PBXFrameworksBuildPhase section */
		94C58D362995358F009FB37F /* Frameworks */ = {
			isa = PBXFrameworksBuildPhase;
			buildActionMask = 2147483647;
			files = (
				F110385A63270B25A95DC4E1 /* Pods_MarshalOne.framework in Frameworks */,
			);
			runOnlyForDeploymentPostprocessing = 0;
		};
/* End PBXFrameworksBuildPhase section */

/* Begin PBXGroup section */
		4E3B854E37CD971C878DF8B0 /* Pods */ = {
			isa = PBXGroup;
			children = (
				23FD6B248BDB7325CA7B0FD0 /* Pods-MarshalOne.debug.xcconfig */,
				E94F0E39A978B961C4652411 /* Pods-MarshalOne.release.xcconfig */,
			);
			path = Pods;
			sourceTree = "<group>";
		};
		62F40531576A2C9EA44E4A5F /* Frameworks */ = {
			isa = PBXGroup;
			children = (
				B5DA36353E2BAC45D42E7603 /* Pods_MarshalOne.framework */,
			);
			name = Frameworks;
			sourceTree = "<group>";
		};
		94542F71299E5991005EDB9D /* Localization */ = {
			isa = PBXGroup;
			children = (
				94542F76299E59A1005EDB9D /* Localizable.strings */,
			);
			path = Localization;
			sourceTree = "<group>";
		};
		946625D329CF357D001A38E0 /* NetworkManagers */ = {
			isa = PBXGroup;
			children = (
				946625D429CF35A3001A38E0 /* UserNetworkManager.swift */,
				946625F829D074E9001A38E0 /* RaceNetworkManager.swift */,
			);
			path = NetworkManagers;
			sourceTree = "<group>";
		};
		946625D629CF360A001A38E0 /* Entities */ = {
			isa = PBXGroup;
			children = (
				946625D729CF3618001A38E0 /* UserModel.swift */,
				946625D929CF3637001A38E0 /* ErrorModel.swift */,
				946625FA29D07549001A38E0 /* RaceModel.swift */,
			);
			path = Entities;
			sourceTree = "<group>";
		};
		946625DB29CF3647001A38E0 /* Networking */ = {
			isa = PBXGroup;
			children = (
				946625DF29CF3690001A38E0 /* Service */,
				946625DE29CF3683001A38E0 /* EndPoint */,
				946625DD29CF367D001A38E0 /* Manager */,
				946625DC29CF3675001A38E0 /* Encoding */,
			);
			path = Networking;
			sourceTree = "<group>";
		};
		946625DC29CF3675001A38E0 /* Encoding */ = {
			isa = PBXGroup;
			children = (
				946625E229CF36E7001A38E0 /* JSONParameterEncoder.swift */,
				946625E429CF3705001A38E0 /* URLParameterEncoder.swift */,
				946625E629CF371C001A38E0 /* ParameterEncoding.swift */,
			);
			path = Encoding;
			sourceTree = "<group>";
		};
		946625DD29CF367D001A38E0 /* Manager */ = {
			isa = PBXGroup;
			children = (
				946625E029CF36A8001A38E0 /* NetworkManager.swift */,
			);
			path = Manager;
			sourceTree = "<group>";
		};
		946625DE29CF3683001A38E0 /* EndPoint */ = {
			isa = PBXGroup;
			children = (
				946625E829CF376D001A38E0 /* UserEndPoint.swift */,
				946625F629D07462001A38E0 /* RaceEndPoint.swift */,
			);
			path = EndPoint;
			sourceTree = "<group>";
		};
		946625DF29CF3690001A38E0 /* Service */ = {
			isa = PBXGroup;
			children = (
				946625EA29CF37C2001A38E0 /* EndPointType.swift */,
				946625EC29CF37D4001A38E0 /* HTTPMethod.swift */,
				946625EE29CF37E8001A38E0 /* HTTPTask.swift */,
				946625F029CF37FF001A38E0 /* NetworkRouter.swift */,
				946625F229CF3810001A38E0 /* Router.swift */,
				946625F429CF382C001A38E0 /* NetworkEnvironment.swift */,
			);
			path = Service;
			sourceTree = "<group>";
		};
		946C3B4229A13C5800C24AF4 /* RegisterScreen */ = {
			isa = PBXGroup;
			children = (
				946C3B4529A2691500C24AF4 /* RegisterPresenter.swift */,
				946C3B4629A2691500C24AF4 /* RegisterRouter.swift */,
				946C3B4729A2691500C24AF4 /* RegisterViewController.swift */,
				946C3B4829A2691500C24AF4 /* RegisterProtocols.swift */,
				946C3B4929A2691500C24AF4 /* RegisterInteractor.swift */,
				946C3B4A29A2691500C24AF4 /* RegisterContainer.swift */,
			);
			path = RegisterScreen;
			sourceTree = "<group>";
		};
		946C3B5529A9136C00C24AF4 /* Helpers */ = {
			isa = PBXGroup;
			children = (
				946C3B5629A9137200C24AF4 /* Coordinator */,
				94A85FDF29CA0E0300C0544E /* ImagePicker.swift */,
				9458BD9E29D7355D0064B58D /* DateFormatter.swift */,
			);
			path = Helpers;
			sourceTree = "<group>";
		};
		946C3B5629A9137200C24AF4 /* Coordinator */ = {
			isa = PBXGroup;
			children = (
				946C3B5329A9136900C24AF4 /* AuthCoordinator.swift */,
				946C3B5729A913BF00C24AF4 /* CoordinatorProtocol.swift */,
				946C3B8029A92C4D00C24AF4 /* MainFlowCoordinator.swift */,
				946C3B8229A92EC400C24AF4 /* AppCoordinator.swift */,
			);
			path = Coordinator;
			sourceTree = "<group>";
		};
		946C3B5929A92A5300C24AF4 /* EventsScreen */ = {
			isa = PBXGroup;
			children = (
				946C3B9329AD311900C24AF4 /* Cells */,
				946C3B5C29A92A8600C24AF4 /* EventsPresenter.swift */,
				946C3B5D29A92A8600C24AF4 /* EventsRouter.swift */,
				946C3B5E29A92A8600C24AF4 /* EventsViewController.swift */,
				946C3B5F29A92A8600C24AF4 /* EventsProtocols.swift */,
				946C3B6029A92A8600C24AF4 /* EventsInteractor.swift */,
				946C3B6129A92A8600C24AF4 /* EventsContainer.swift */,
			);
			path = EventsScreen;
			sourceTree = "<group>";
		};
		946C3B5B29A92A7000C24AF4 /* ProfileScreen */ = {
			isa = PBXGroup;
			children = (
				94B113D429B3C74300856A5B /* ProfileCell */,
				946C3B7429A92C2500C24AF4 /* ProfilePresenter.swift */,
				946C3B7529A92C2500C24AF4 /* ProfileRouter.swift */,
				946C3B7629A92C2500C24AF4 /* ProfileViewController.swift */,
				946C3B7729A92C2500C24AF4 /* ProfileProtocols.swift */,
				946C3B7829A92C2500C24AF4 /* ProfileInteractor.swift */,
				946C3B7929A92C2500C24AF4 /* ProfileContainer.swift */,
			);
			path = ProfileScreen;
			sourceTree = "<group>";
		};
		946C3B8629AD2F6C00C24AF4 /* AddRaceScreen */ = {
			isa = PBXGroup;
			children = (
				946C3B8729AD2F9D00C24AF4 /* AddRacePresenter.swift */,
				946C3B8829AD2F9D00C24AF4 /* AddRaceRouter.swift */,
				946C3B8929AD2F9D00C24AF4 /* AddRaceViewController.swift */,
				946C3B8A29AD2F9D00C24AF4 /* AddRaceProtocols.swift */,
				946C3B8B29AD2F9D00C24AF4 /* AddRaceInteractor.swift */,
				946C3B8C29AD2F9D00C24AF4 /* AddRaceContainer.swift */,
			);
			path = AddRaceScreen;
			sourceTree = "<group>";
		};
		946C3B9329AD311900C24AF4 /* Cells */ = {
			isa = PBXGroup;
			children = (
				946C3B9429AD312900C24AF4 /* EventCell.swift */,
			);
			path = Cells;
			sourceTree = "<group>";
		};
		94B113D429B3C74300856A5B /* ProfileCell */ = {
			isa = PBXGroup;
			children = (
				94B113D529B3C75900856A5B /* ProfileCell.swift */,
			);
			path = ProfileCell;
			sourceTree = "<group>";
		};
		94C58D302995358F009FB37F = {
			isa = PBXGroup;
			children = (
				94542F71299E5991005EDB9D /* Localization */,
				94542F6F299E5987005EDB9D /* R.generated.swift */,
				94C58D3B2995358F009FB37F /* MarshalOne */,
				94C58D3A2995358F009FB37F /* Products */,
				4E3B854E37CD971C878DF8B0 /* Pods */,
				62F40531576A2C9EA44E4A5F /* Frameworks */,
			);
			sourceTree = "<group>";
		};
		94C58D3A2995358F009FB37F /* Products */ = {
			isa = PBXGroup;
			children = (
				94C58D392995358F009FB37F /* MarshalOne.app */,
			);
			name = Products;
			sourceTree = "<group>";
		};
		94C58D3B2995358F009FB37F /* MarshalOne */ = {
			isa = PBXGroup;
			children = (
				946625DB29CF3647001A38E0 /* Networking */,
				946625D629CF360A001A38E0 /* Entities */,
				946625D329CF357D001A38E0 /* NetworkManagers */,
				94A85FDB29C723CD00C0544E /* HelmetAnimation2.json */,
				94C8E4D429B4A3B100CAC844 /* EventScreen */,
				946C3B8629AD2F6C00C24AF4 /* AddRaceScreen */,
				946C3B5B29A92A7000C24AF4 /* ProfileScreen */,
				946C3B5929A92A5300C24AF4 /* EventsScreen */,
				946C3B5529A9136C00C24AF4 /* Helpers */,
				946C3B4229A13C5800C24AF4 /* RegisterScreen */,
				94C58D722996A17C009FB37F /* Views */,
				94C58D6529969CCC009FB37F /* LoginScreen */,
				94C58D5E299539A5009FB37F /* Extensions */,
				94C58D5129953969009FB37F /* EnterScreen */,
				94C58D5029953912009FB37F /* Delegates */,
				94C58D422995358F009FB37F /* Main.storyboard */,
				94C58D4529953590009FB37F /* Assets.xcassets */,
				94C58D4729953590009FB37F /* LaunchScreen.storyboard */,
				94C58D4A29953590009FB37F /* Info.plist */,
				946C3B40299FD36300C24AF4 /* ViewController.swift */,
			);
			path = MarshalOne;
			sourceTree = "<group>";
		};
		94C58D5029953912009FB37F /* Delegates */ = {
			isa = PBXGroup;
			children = (
				94C58D3E2995358F009FB37F /* SceneDelegate.swift */,
				94C58D3C2995358F009FB37F /* AppDelegate.swift */,
			);
			path = Delegates;
			sourceTree = "<group>";
		};
		94C58D5129953969009FB37F /* EnterScreen */ = {
			isa = PBXGroup;
			children = (
				94C58D5229953985009FB37F /* EnterPresenter.swift */,
				94C58D5329953985009FB37F /* EnterRouter.swift */,
				94C58D5429953985009FB37F /* EnterViewController.swift */,
				94C58D5529953985009FB37F /* EnterProtocols.swift */,
				94C58D5629953985009FB37F /* EnterInteractor.swift */,
				94C58D5729953985009FB37F /* EnterContainer.swift */,
			);
			path = EnterScreen;
			sourceTree = "<group>";
		};
		94C58D5E299539A5009FB37F /* Extensions */ = {
			isa = PBXGroup;
			children = (
				94C58D5F29953A08009FB37F /* UIView+Layout.swift */,
				94C58D6129953BE0009FB37F /* ColorExtension.swift */,
				94C58D6329953BF8009FB37F /* ImageExtension.swift */,
				946C3B9629AD374100C24AF4 /* ReuseIdentifier.swift */,
				94A85FDD29C724A800C0544E /* JSONEnum.swift */,
			);
			path = Extensions;
			sourceTree = "<group>";
		};
		94C58D6529969CCC009FB37F /* LoginScreen */ = {
			isa = PBXGroup;
			children = (
				94C58D6629969D00009FB37F /* LoginPresenter.swift */,
				94C58D6729969D00009FB37F /* LoginRouter.swift */,
				94C58D6829969D00009FB37F /* LoginViewController.swift */,
				94C58D6929969D00009FB37F /* LoginProtocols.swift */,
				94C58D6A29969D00009FB37F /* LoginInteractor.swift */,
				94C58D6B29969D00009FB37F /* LoginContainer.swift */,
			);
			path = LoginScreen;
			sourceTree = "<group>";
		};
		94C58D722996A17C009FB37F /* Views */ = {
			isa = PBXGroup;
			children = (
				946C3B8429ABA20400C24AF4 /* CustomTabBar.swift */,
				94C58D732996A196009FB37F /* CustomTF.swift */,
				94C58D752996A313009FB37F /* LoginStackView.swift */,
				94542F5E299E300F005EDB9D /* CustomButton.swift */,
				946C3B4329A25D3E00C24AF4 /* RegistrationContentView.swift */,
				946C3B5129A27B4300C24AF4 /* LoginContentView.swift */,
				94B113CE29B0E0A200856A5B /* CustomNavigationBar.swift */,
				94B113D029B34F0B00856A5B /* EventsInfoStackView.swift */,
				94B113D229B3C55700856A5B /* ProfileView.swift */,
				94B113D929B3D5E800856A5B /* ProfileActionView.swift */,
				94C8E4E129B4A4C100CAC844 /* EventContentView.swift */,
				9462BB7929C21B11008FFB18 /* TabBarCenterButton.swift */,
				94BA4BD929C60AD6000BEB59 /* AddRaceContentView.swift */,
			);
			path = Views;
			sourceTree = "<group>";
		};
		94C8E4D429B4A3B100CAC844 /* EventScreen */ = {
			isa = PBXGroup;
			children = (
				94C8E4D529B4A3CF00CAC844 /* EventPresenter.swift */,
				94C8E4D629B4A3CF00CAC844 /* EventRouter.swift */,
				94C8E4D729B4A3CF00CAC844 /* EventViewController.swift */,
				94C8E4D829B4A3CF00CAC844 /* EventProtocols.swift */,
				94C8E4D929B4A3CF00CAC844 /* EventInteractor.swift */,
				94C8E4DA29B4A3CF00CAC844 /* EventContainer.swift */,
			);
			path = EventScreen;
			sourceTree = "<group>";
		};
/* End PBXGroup section */

/* Begin PBXNativeTarget section */
		94C58D382995358F009FB37F /* MarshalOne */ = {
			isa = PBXNativeTarget;
			buildConfigurationList = 94C58D4D29953590009FB37F /* Build configuration list for PBXNativeTarget "MarshalOne" */;
			buildPhases = (
				9800F899B3C897DFA6186579 /* [CP] Check Pods Manifest.lock */,
				94542F6E299E5745005EDB9D /* ShellScript */,
				94C58D352995358F009FB37F /* Sources */,
				94C58D362995358F009FB37F /* Frameworks */,
				94C58D372995358F009FB37F /* Resources */,
				EA5B36AAD6EE125A7FC23032 /* [CP] Embed Pods Frameworks */,
			);
			buildRules = (
			);
			dependencies = (
			);
			name = MarshalOne;
			productName = MarshalOne;
			productReference = 94C58D392995358F009FB37F /* MarshalOne.app */;
			productType = "com.apple.product-type.application";
		};
/* End PBXNativeTarget section */

/* Begin PBXProject section */
		94C58D312995358F009FB37F /* Project object */ = {
			isa = PBXProject;
			attributes = {
				BuildIndependentTargetsInParallel = 1;
				LastSwiftUpdateCheck = 1410;
				LastUpgradeCheck = 1410;
				TargetAttributes = {
					94C58D382995358F009FB37F = {
						CreatedOnToolsVersion = 14.1;
					};
				};
			};
			buildConfigurationList = 94C58D342995358F009FB37F /* Build configuration list for PBXProject "MarshalOne" */;
			compatibilityVersion = "Xcode 13.0";
			developmentRegion = en;
			hasScannedForEncodings = 0;
			knownRegions = (
				en,
				Base,
				ru,
			);
			mainGroup = 94C58D302995358F009FB37F;
			productRefGroup = 94C58D3A2995358F009FB37F /* Products */;
			projectDirPath = "";
			projectRoot = "";
			targets = (
				94C58D382995358F009FB37F /* MarshalOne */,
			);
		};
/* End PBXProject section */

/* Begin PBXResourcesBuildPhase section */
		94C58D372995358F009FB37F /* Resources */ = {
			isa = PBXResourcesBuildPhase;
			buildActionMask = 2147483647;
			files = (
				94A85FDC29C723CD00C0544E /* HelmetAnimation2.json in Resources */,
				94C58D4929953590009FB37F /* LaunchScreen.storyboard in Resources */,
				94542F74299E59A1005EDB9D /* Localizable.strings in Resources */,
				94C58D4629953590009FB37F /* Assets.xcassets in Resources */,
				94C58D442995358F009FB37F /* Main.storyboard in Resources */,
			);
			runOnlyForDeploymentPostprocessing = 0;
		};
/* End PBXResourcesBuildPhase section */

/* Begin PBXShellScriptBuildPhase section */
		94542F6E299E5745005EDB9D /* ShellScript */ = {
			isa = PBXShellScriptBuildPhase;
			alwaysOutOfDate = 1;
			buildActionMask = 2147483647;
			files = (
			);
			inputFileListPaths = (
			);
			inputPaths = (
			);
			outputFileListPaths = (
			);
			outputPaths = (
				$SRCROOT/R.generated.swift,
			);
			runOnlyForDeploymentPostprocessing = 0;
			shellPath = /bin/sh;
			shellScript = "\"$PODS_ROOT/R.swift/rswift\" generate \"$SRCROOT/R.generated.swift\"\n";
		};
		9800F899B3C897DFA6186579 /* [CP] Check Pods Manifest.lock */ = {
			isa = PBXShellScriptBuildPhase;
			buildActionMask = 2147483647;
			files = (
			);
			inputFileListPaths = (
			);
			inputPaths = (
				"${PODS_PODFILE_DIR_PATH}/Podfile.lock",
				"${PODS_ROOT}/Manifest.lock",
			);
			name = "[CP] Check Pods Manifest.lock";
			outputFileListPaths = (
			);
			outputPaths = (
				"$(DERIVED_FILE_DIR)/Pods-MarshalOne-checkManifestLockResult.txt",
			);
			runOnlyForDeploymentPostprocessing = 0;
			shellPath = /bin/sh;
			shellScript = "diff \"${PODS_PODFILE_DIR_PATH}/Podfile.lock\" \"${PODS_ROOT}/Manifest.lock\" > /dev/null\nif [ $? != 0 ] ; then\n    # print error to STDERR\n    echo \"error: The sandbox is not in sync with the Podfile.lock. Run 'pod install' or update your CocoaPods installation.\" >&2\n    exit 1\nfi\n# This output is used by Xcode 'outputs' to avoid re-running this script phase.\necho \"SUCCESS\" > \"${SCRIPT_OUTPUT_FILE_0}\"\n";
			showEnvVarsInLog = 0;
		};
		EA5B36AAD6EE125A7FC23032 /* [CP] Embed Pods Frameworks */ = {
			isa = PBXShellScriptBuildPhase;
			buildActionMask = 2147483647;
			files = (
			);
			inputFileListPaths = (
				"${PODS_ROOT}/Target Support Files/Pods-MarshalOne/Pods-MarshalOne-frameworks-${CONFIGURATION}-input-files.xcfilelist",
			);
			name = "[CP] Embed Pods Frameworks";
			outputFileListPaths = (
				"${PODS_ROOT}/Target Support Files/Pods-MarshalOne/Pods-MarshalOne-frameworks-${CONFIGURATION}-output-files.xcfilelist",
			);
			runOnlyForDeploymentPostprocessing = 0;
			shellPath = /bin/sh;
			shellScript = "\"${PODS_ROOT}/Target Support Files/Pods-MarshalOne/Pods-MarshalOne-frameworks.sh\"\n";
			showEnvVarsInLog = 0;
		};
/* End PBXShellScriptBuildPhase section */

/* Begin PBXSourcesBuildPhase section */
		94C58D352995358F009FB37F /* Sources */ = {
			isa = PBXSourcesBuildPhase;
			buildActionMask = 2147483647;
			files = (
				94C58D6E29969D00009FB37F /* LoginViewController.swift in Sources */,
				946625F929D074E9001A38E0 /* RaceNetworkManager.swift in Sources */,
				94C58D6C29969D00009FB37F /* LoginPresenter.swift in Sources */,
				94C58D5D29953985009FB37F /* EnterContainer.swift in Sources */,
				94C58D5B29953985009FB37F /* EnterProtocols.swift in Sources */,
				946625DA29CF3637001A38E0 /* ErrorModel.swift in Sources */,
				946625FB29D07549001A38E0 /* RaceModel.swift in Sources */,
				946C3B7C29A92C2500C24AF4 /* ProfileViewController.swift in Sources */,
				946C3B9129AD2F9D00C24AF4 /* AddRaceInteractor.swift in Sources */,
				946C3B6429A92A8600C24AF4 /* EventsViewController.swift in Sources */,
				94542F5F299E300F005EDB9D /* CustomButton.swift in Sources */,
				94C58D7029969D00009FB37F /* LoginInteractor.swift in Sources */,
				94C58D5A29953985009FB37F /* EnterViewController.swift in Sources */,
				946C3B9529AD312900C24AF4 /* EventCell.swift in Sources */,
				946C3B4B29A2691500C24AF4 /* RegisterPresenter.swift in Sources */,
				946C3B5229A27B4300C24AF4 /* LoginContentView.swift in Sources */,
				946625EF29CF37E8001A38E0 /* HTTPTask.swift in Sources */,
				946C3B41299FD36300C24AF4 /* ViewController.swift in Sources */,
				946625E929CF376D001A38E0 /* UserEndPoint.swift in Sources */,
				94B113D129B34F0C00856A5B /* EventsInfoStackView.swift in Sources */,
				946625D529CF35A3001A38E0 /* UserNetworkManager.swift in Sources */,
				946C3B5829A913BF00C24AF4 /* CoordinatorProtocol.swift in Sources */,
				946C3B8D29AD2F9D00C24AF4 /* AddRacePresenter.swift in Sources */,
				94C58D5829953985009FB37F /* EnterPresenter.swift in Sources */,
				94542F70299E5987005EDB9D /* R.generated.swift in Sources */,
				946C3B8E29AD2F9D00C24AF4 /* AddRaceRouter.swift in Sources */,
				9462BB7A29C21B11008FFB18 /* TabBarCenterButton.swift in Sources */,
				946C3B4429A25D3E00C24AF4 /* RegistrationContentView.swift in Sources */,
				94B113CF29B0E0A200856A5B /* CustomNavigationBar.swift in Sources */,
				946C3B7E29A92C2500C24AF4 /* ProfileInteractor.swift in Sources */,
				94C8E4DD29B4A3CF00CAC844 /* EventViewController.swift in Sources */,
				94C8E4DC29B4A3CF00CAC844 /* EventRouter.swift in Sources */,
				946C3B6229A92A8600C24AF4 /* EventsPresenter.swift in Sources */,
				946C3B4E29A2691500C24AF4 /* RegisterProtocols.swift in Sources */,
				9458BD9F29D7355D0064B58D /* DateFormatter.swift in Sources */,
				94C8E4DF29B4A3CF00CAC844 /* EventInteractor.swift in Sources */,
				94C58D6F29969D00009FB37F /* LoginProtocols.swift in Sources */,
				94A85FE029CA0E0300C0544E /* ImagePicker.swift in Sources */,
				946C3B6729A92A8600C24AF4 /* EventsContainer.swift in Sources */,
				946C3B6629A92A8600C24AF4 /* EventsInteractor.swift in Sources */,
				94C8E4E229B4A4C100CAC844 /* EventContentView.swift in Sources */,
				94C58D742996A196009FB37F /* CustomTF.swift in Sources */,
				946C3B4F29A2691500C24AF4 /* RegisterInteractor.swift in Sources */,
				946C3B8329A92EC400C24AF4 /* AppCoordinator.swift in Sources */,
				946C3B7B29A92C2500C24AF4 /* ProfileRouter.swift in Sources */,
				94C58D762996A313009FB37F /* LoginStackView.swift in Sources */,
				94C58D3D2995358F009FB37F /* AppDelegate.swift in Sources */,
				94C58D6029953A08009FB37F /* UIView+Layout.swift in Sources */,
				946C3B5029A2691500C24AF4 /* RegisterContainer.swift in Sources */,
				946C3B7A29A92C2500C24AF4 /* ProfilePresenter.swift in Sources */,
				946C3B6329A92A8600C24AF4 /* EventsRouter.swift in Sources */,
				94C58D3F2995358F009FB37F /* SceneDelegate.swift in Sources */,
				946625EB29CF37C2001A38E0 /* EndPointType.swift in Sources */,
				94C58D5929953985009FB37F /* EnterRouter.swift in Sources */,
				946625ED29CF37D4001A38E0 /* HTTPMethod.swift in Sources */,
				946625F329CF3810001A38E0 /* Router.swift in Sources */,
				946625F129CF37FF001A38E0 /* NetworkRouter.swift in Sources */,
				946625D829CF3618001A38E0 /* UserModel.swift in Sources */,
				94B113D329B3C55700856A5B /* ProfileView.swift in Sources */,
				946C3B9729AD374100C24AF4 /* ReuseIdentifier.swift in Sources */,
				94B113D629B3C75900856A5B /* ProfileCell.swift in Sources */,
				94A85FDE29C724A800C0544E /* JSONEnum.swift in Sources */,
				946C3B7F29A92C2500C24AF4 /* ProfileContainer.swift in Sources */,
				94C58D7129969D00009FB37F /* LoginContainer.swift in Sources */,
				946C3B5429A9136900C24AF4 /* AuthCoordinator.swift in Sources */,
				946625E329CF36E7001A38E0 /* JSONParameterEncoder.swift in Sources */,
				946C3B9029AD2F9D00C24AF4 /* AddRaceProtocols.swift in Sources */,
				94C58D5C29953985009FB37F /* EnterInteractor.swift in Sources */,
				946C3B8529ABA20400C24AF4 /* CustomTabBar.swift in Sources */,
				946C3B6529A92A8600C24AF4 /* EventsProtocols.swift in Sources */,
				946C3B4C29A2691500C24AF4 /* RegisterRouter.swift in Sources */,
				94C58D6429953BF8009FB37F /* ImageExtension.swift in Sources */,
				94C8E4DE29B4A3CF00CAC844 /* EventProtocols.swift in Sources */,
				94B113DA29B3D5E800856A5B /* ProfileActionView.swift in Sources */,
				946C3B4D29A2691500C24AF4 /* RegisterViewController.swift in Sources */,
				94BA4BDA29C60AD6000BEB59 /* AddRaceContentView.swift in Sources */,
				946625E529CF3705001A38E0 /* URLParameterEncoder.swift in Sources */,
				946C3B9229AD2F9D00C24AF4 /* AddRaceContainer.swift in Sources */,
				94C58D6D29969D00009FB37F /* LoginRouter.swift in Sources */,
				94C8E4E029B4A3CF00CAC844 /* EventContainer.swift in Sources */,
				946625F729D07462001A38E0 /* RaceEndPoint.swift in Sources */,
				946C3B8129A92C4D00C24AF4 /* MainFlowCoordinator.swift in Sources */,
				946625F529CF382C001A38E0 /* NetworkEnvironment.swift in Sources */,
				946625E729CF371C001A38E0 /* ParameterEncoding.swift in Sources */,
				946C3B8F29AD2F9D00C24AF4 /* AddRaceViewController.swift in Sources */,
				946C3B7D29A92C2500C24AF4 /* ProfileProtocols.swift in Sources */,
				946625E129CF36A8001A38E0 /* NetworkManager.swift in Sources */,
				94C58D6229953BE0009FB37F /* ColorExtension.swift in Sources */,
				94C8E4DB29B4A3CF00CAC844 /* EventPresenter.swift in Sources */,
			);
			runOnlyForDeploymentPostprocessing = 0;
		};
/* End PBXSourcesBuildPhase section */

/* Begin PBXVariantGroup section */
		94542F76299E59A1005EDB9D /* Localizable.strings */ = {
			isa = PBXVariantGroup;
			children = (
				94542F75299E59A1005EDB9D /* en */,
				94542F77299E59BA005EDB9D /* ru */,
			);
			name = Localizable.strings;
			sourceTree = "<group>";
		};
		94C58D422995358F009FB37F /* Main.storyboard */ = {
			isa = PBXVariantGroup;
			children = (
				94C58D432995358F009FB37F /* Base */,
			);
			name = Main.storyboard;
			sourceTree = "<group>";
		};
		94C58D4729953590009FB37F /* LaunchScreen.storyboard */ = {
			isa = PBXVariantGroup;
			children = (
				94C58D4829953590009FB37F /* Base */,
			);
			name = LaunchScreen.storyboard;
			sourceTree = "<group>";
		};
/* End PBXVariantGroup section */

/* Begin XCBuildConfiguration section */
		94C58D4B29953590009FB37F /* Debug */ = {
			isa = XCBuildConfiguration;
			buildSettings = {
				ALWAYS_SEARCH_USER_PATHS = NO;
				CLANG_ANALYZER_LOCALIZABILITY_NONLOCALIZED = YES;
				CLANG_ANALYZER_NONNULL = YES;
				CLANG_ANALYZER_NUMBER_OBJECT_CONVERSION = YES_AGGRESSIVE;
				CLANG_CXX_LANGUAGE_STANDARD = "gnu++20";
				CLANG_ENABLE_MODULES = YES;
				CLANG_ENABLE_OBJC_ARC = YES;
				CLANG_ENABLE_OBJC_WEAK = YES;
				CLANG_WARN_BLOCK_CAPTURE_AUTORELEASING = YES;
				CLANG_WARN_BOOL_CONVERSION = YES;
				CLANG_WARN_COMMA = YES;
				CLANG_WARN_CONSTANT_CONVERSION = YES;
				CLANG_WARN_DEPRECATED_OBJC_IMPLEMENTATIONS = YES;
				CLANG_WARN_DIRECT_OBJC_ISA_USAGE = YES_ERROR;
				CLANG_WARN_DOCUMENTATION_COMMENTS = YES;
				CLANG_WARN_EMPTY_BODY = YES;
				CLANG_WARN_ENUM_CONVERSION = YES;
				CLANG_WARN_INFINITE_RECURSION = YES;
				CLANG_WARN_INT_CONVERSION = YES;
				CLANG_WARN_NON_LITERAL_NULL_CONVERSION = YES;
				CLANG_WARN_OBJC_IMPLICIT_RETAIN_SELF = YES;
				CLANG_WARN_OBJC_LITERAL_CONVERSION = YES;
				CLANG_WARN_OBJC_ROOT_CLASS = YES_ERROR;
				CLANG_WARN_QUOTED_INCLUDE_IN_FRAMEWORK_HEADER = YES;
				CLANG_WARN_RANGE_LOOP_ANALYSIS = YES;
				CLANG_WARN_STRICT_PROTOTYPES = YES;
				CLANG_WARN_SUSPICIOUS_MOVE = YES;
				CLANG_WARN_UNGUARDED_AVAILABILITY = YES_AGGRESSIVE;
				CLANG_WARN_UNREACHABLE_CODE = YES;
				CLANG_WARN__DUPLICATE_METHOD_MATCH = YES;
				COPY_PHASE_STRIP = NO;
				DEBUG_INFORMATION_FORMAT = dwarf;
				ENABLE_STRICT_OBJC_MSGSEND = YES;
				ENABLE_TESTABILITY = YES;
				GCC_C_LANGUAGE_STANDARD = gnu11;
				GCC_DYNAMIC_NO_PIC = NO;
				GCC_NO_COMMON_BLOCKS = YES;
				GCC_OPTIMIZATION_LEVEL = 0;
				GCC_PREPROCESSOR_DEFINITIONS = (
					"DEBUG=1",
					"$(inherited)",
				);
				GCC_WARN_64_TO_32_BIT_CONVERSION = YES;
				GCC_WARN_ABOUT_RETURN_TYPE = YES_ERROR;
				GCC_WARN_UNDECLARED_SELECTOR = YES;
				GCC_WARN_UNINITIALIZED_AUTOS = YES_AGGRESSIVE;
				GCC_WARN_UNUSED_FUNCTION = YES;
				GCC_WARN_UNUSED_VARIABLE = YES;
				IPHONEOS_DEPLOYMENT_TARGET = 16.1;
				MTL_ENABLE_DEBUG_INFO = INCLUDE_SOURCE;
				MTL_FAST_MATH = YES;
				ONLY_ACTIVE_ARCH = YES;
				SDKROOT = iphoneos;
				SWIFT_ACTIVE_COMPILATION_CONDITIONS = DEBUG;
				SWIFT_OPTIMIZATION_LEVEL = "-Onone";
			};
			name = Debug;
		};
		94C58D4C29953590009FB37F /* Release */ = {
			isa = XCBuildConfiguration;
			buildSettings = {
				ALWAYS_SEARCH_USER_PATHS = NO;
				CLANG_ANALYZER_LOCALIZABILITY_NONLOCALIZED = YES;
				CLANG_ANALYZER_NONNULL = YES;
				CLANG_ANALYZER_NUMBER_OBJECT_CONVERSION = YES_AGGRESSIVE;
				CLANG_CXX_LANGUAGE_STANDARD = "gnu++20";
				CLANG_ENABLE_MODULES = YES;
				CLANG_ENABLE_OBJC_ARC = YES;
				CLANG_ENABLE_OBJC_WEAK = YES;
				CLANG_WARN_BLOCK_CAPTURE_AUTORELEASING = YES;
				CLANG_WARN_BOOL_CONVERSION = YES;
				CLANG_WARN_COMMA = YES;
				CLANG_WARN_CONSTANT_CONVERSION = YES;
				CLANG_WARN_DEPRECATED_OBJC_IMPLEMENTATIONS = YES;
				CLANG_WARN_DIRECT_OBJC_ISA_USAGE = YES_ERROR;
				CLANG_WARN_DOCUMENTATION_COMMENTS = YES;
				CLANG_WARN_EMPTY_BODY = YES;
				CLANG_WARN_ENUM_CONVERSION = YES;
				CLANG_WARN_INFINITE_RECURSION = YES;
				CLANG_WARN_INT_CONVERSION = YES;
				CLANG_WARN_NON_LITERAL_NULL_CONVERSION = YES;
				CLANG_WARN_OBJC_IMPLICIT_RETAIN_SELF = YES;
				CLANG_WARN_OBJC_LITERAL_CONVERSION = YES;
				CLANG_WARN_OBJC_ROOT_CLASS = YES_ERROR;
				CLANG_WARN_QUOTED_INCLUDE_IN_FRAMEWORK_HEADER = YES;
				CLANG_WARN_RANGE_LOOP_ANALYSIS = YES;
				CLANG_WARN_STRICT_PROTOTYPES = YES;
				CLANG_WARN_SUSPICIOUS_MOVE = YES;
				CLANG_WARN_UNGUARDED_AVAILABILITY = YES_AGGRESSIVE;
				CLANG_WARN_UNREACHABLE_CODE = YES;
				CLANG_WARN__DUPLICATE_METHOD_MATCH = YES;
				COPY_PHASE_STRIP = NO;
				DEBUG_INFORMATION_FORMAT = "dwarf-with-dsym";
				ENABLE_NS_ASSERTIONS = NO;
				ENABLE_STRICT_OBJC_MSGSEND = YES;
				GCC_C_LANGUAGE_STANDARD = gnu11;
				GCC_NO_COMMON_BLOCKS = YES;
				GCC_WARN_64_TO_32_BIT_CONVERSION = YES;
				GCC_WARN_ABOUT_RETURN_TYPE = YES_ERROR;
				GCC_WARN_UNDECLARED_SELECTOR = YES;
				GCC_WARN_UNINITIALIZED_AUTOS = YES_AGGRESSIVE;
				GCC_WARN_UNUSED_FUNCTION = YES;
				GCC_WARN_UNUSED_VARIABLE = YES;
				IPHONEOS_DEPLOYMENT_TARGET = 16.1;
				MTL_ENABLE_DEBUG_INFO = NO;
				MTL_FAST_MATH = YES;
				SDKROOT = iphoneos;
				SWIFT_COMPILATION_MODE = wholemodule;
				SWIFT_OPTIMIZATION_LEVEL = "-O";
				VALIDATE_PRODUCT = YES;
			};
			name = Release;
		};
		94C58D4E29953590009FB37F /* Debug */ = {
			isa = XCBuildConfiguration;
			baseConfigurationReference = 23FD6B248BDB7325CA7B0FD0 /* Pods-MarshalOne.debug.xcconfig */;
			buildSettings = {
				ASSETCATALOG_COMPILER_APPICON_NAME = AppIcon;
				ASSETCATALOG_COMPILER_GLOBAL_ACCENT_COLOR_NAME = AccentColor;
				CODE_SIGN_STYLE = Automatic;
				CURRENT_PROJECT_VERSION = 1;
				DEVELOPMENT_TEAM = 8658YBX4V7;
				GENERATE_INFOPLIST_FILE = YES;
				INFOPLIST_FILE = MarshalOne/Info.plist;
				INFOPLIST_KEY_UIApplicationSupportsIndirectInputEvents = YES;
				INFOPLIST_KEY_UILaunchStoryboardName = LaunchScreen;
				INFOPLIST_KEY_UIMainStoryboardFile = Main;
				INFOPLIST_KEY_UISupportedInterfaceOrientations_iPad = "UIInterfaceOrientationPortrait UIInterfaceOrientationPortraitUpsideDown UIInterfaceOrientationLandscapeLeft UIInterfaceOrientationLandscapeRight";
				INFOPLIST_KEY_UISupportedInterfaceOrientations_iPhone = "UIInterfaceOrientationPortrait UIInterfaceOrientationLandscapeLeft UIInterfaceOrientationLandscapeRight";
				IPHONEOS_DEPLOYMENT_TARGET = 15.0;
				LD_RUNPATH_SEARCH_PATHS = (
					"$(inherited)",
					"@executable_path/Frameworks",
				);
				MARKETING_VERSION = 1.0;
				PRODUCT_BUNDLE_IDENTIFIER = "nika-rvv.MarshalOne";
				PRODUCT_NAME = "$(TARGET_NAME)";
				SWIFT_EMIT_LOC_STRINGS = YES;
				SWIFT_VERSION = 5.0;
				TARGETED_DEVICE_FAMILY = "1,2";
			};
			name = Debug;
		};
		94C58D4F29953590009FB37F /* Release */ = {
			isa = XCBuildConfiguration;
			baseConfigurationReference = E94F0E39A978B961C4652411 /* Pods-MarshalOne.release.xcconfig */;
			buildSettings = {
				ASSETCATALOG_COMPILER_APPICON_NAME = AppIcon;
				ASSETCATALOG_COMPILER_GLOBAL_ACCENT_COLOR_NAME = AccentColor;
				CODE_SIGN_STYLE = Automatic;
				CURRENT_PROJECT_VERSION = 1;
				DEVELOPMENT_TEAM = 8658YBX4V7;
				GENERATE_INFOPLIST_FILE = YES;
				INFOPLIST_FILE = MarshalOne/Info.plist;
				INFOPLIST_KEY_UIApplicationSupportsIndirectInputEvents = YES;
				INFOPLIST_KEY_UILaunchStoryboardName = LaunchScreen;
				INFOPLIST_KEY_UIMainStoryboardFile = Main;
				INFOPLIST_KEY_UISupportedInterfaceOrientations_iPad = "UIInterfaceOrientationPortrait UIInterfaceOrientationPortraitUpsideDown UIInterfaceOrientationLandscapeLeft UIInterfaceOrientationLandscapeRight";
				INFOPLIST_KEY_UISupportedInterfaceOrientations_iPhone = "UIInterfaceOrientationPortrait UIInterfaceOrientationLandscapeLeft UIInterfaceOrientationLandscapeRight";
				IPHONEOS_DEPLOYMENT_TARGET = 15.0;
				LD_RUNPATH_SEARCH_PATHS = (
					"$(inherited)",
					"@executable_path/Frameworks",
				);
				MARKETING_VERSION = 1.0;
				PRODUCT_BUNDLE_IDENTIFIER = "nika-rvv.MarshalOne";
				PRODUCT_NAME = "$(TARGET_NAME)";
				SWIFT_EMIT_LOC_STRINGS = YES;
				SWIFT_VERSION = 5.0;
				TARGETED_DEVICE_FAMILY = "1,2";
			};
			name = Release;
		};
/* End XCBuildConfiguration section */

/* Begin XCConfigurationList section */
		94C58D342995358F009FB37F /* Build configuration list for PBXProject "MarshalOne" */ = {
			isa = XCConfigurationList;
			buildConfigurations = (
				94C58D4B29953590009FB37F /* Debug */,
				94C58D4C29953590009FB37F /* Release */,
			);
			defaultConfigurationIsVisible = 0;
			defaultConfigurationName = Release;
		};
		94C58D4D29953590009FB37F /* Build configuration list for PBXNativeTarget "MarshalOne" */ = {
			isa = XCConfigurationList;
			buildConfigurations = (
				94C58D4E29953590009FB37F /* Debug */,
				94C58D4F29953590009FB37F /* Release */,
			);
			defaultConfigurationIsVisible = 0;
			defaultConfigurationName = Release;
		};
/* End XCConfigurationList section */
	};
	rootObject = 94C58D312995358F009FB37F /* Project object */;
}
