// !$*UTF8*$!
{
	archiveVersion = 1;
	classes = {
	};
	objectVersion = 56;
	objects = {

/* Begin PBXBuildFile section */
		94C58D3D2995358F009FB37F /* AppDelegate.swift in Sources */ = {isa = PBXBuildFile; fileRef = 94C58D3C2995358F009FB37F /* AppDelegate.swift */; };
		94C58D3F2995358F009FB37F /* SceneDelegate.swift in Sources */ = {isa = PBXBuildFile; fileRef = 94C58D3E2995358F009FB37F /* SceneDelegate.swift */; };
		94C58D442995358F009FB37F /* Main.storyboard in Resources */ = {isa = PBXBuildFile; fileRef = 94C58D422995358F009FB37F /* Main.storyboard */; };
		94C58D4629953590009FB37F /* Assets.xcassets in Resources */ = {isa = PBXBuildFile; fileRef = 94C58D4529953590009FB37F /* Assets.xcassets */; };
		94C58D4929953590009FB37F /* LaunchScreen.storyboard in Resources */ = {isa = PBXBuildFile; fileRef = 94C58D4729953590009FB37F /* LaunchScreen.storyboard */; };
		94C58D5829953985009FB37F /* EnterPresenter.swift in Sources */ = {isa = PBXBuildFile; fileRef = 94C58D5229953985009FB37F /* EnterPresenter.swift */; };
		94C58D5929953985009FB37F /* EnterRouter.swift in Sources */ = {isa = PBXBuildFile; fileRef = 94C58D5329953985009FB37F /* EnterRouter.swift */; };
		94C58D5A29953985009FB37F /* EnterViewController.swift in Sources */ = {isa = PBXBuildFile; fileRef = 94C58D5429953985009FB37F /* EnterViewController.swift */; };
		94C58D5B29953985009FB37F /* EnterProtocols.swift in Sources */ = {isa = PBXBuildFile; fileRef = 94C58D5529953985009FB37F /* EnterProtocols.swift */; };
		94C58D5C29953985009FB37F /* EnterInteractor.swift in Sources */ = {isa = PBXBuildFile; fileRef = 94C58D5629953985009FB37F /* EnterInteractor.swift */; };
		94C58D5D29953985009FB37F /* EnterContainer.swift in Sources */ = {isa = PBXBuildFile; fileRef = 94C58D5729953985009FB37F /* EnterContainer.swift */; };
		94C58D6029953A08009FB37F /* UIView+Layout.swift in Sources */ = {isa = PBXBuildFile; fileRef = 94C58D5F29953A08009FB37F /* UIView+Layout.swift */; };
		94C58D6229953BE0009FB37F /* ColorExtension.swift in Sources */ = {isa = PBXBuildFile; fileRef = 94C58D6129953BE0009FB37F /* ColorExtension.swift */; };
		94C58D6429953BF8009FB37F /* ImageExtension.swift in Sources */ = {isa = PBXBuildFile; fileRef = 94C58D6329953BF8009FB37F /* ImageExtension.swift */; };
/* End PBXBuildFile section */

/* Begin PBXFileReference section */
		94C58D392995358F009FB37F /* MarshalOne.app */ = {isa = PBXFileReference; explicitFileType = wrapper.application; includeInIndex = 0; path = MarshalOne.app; sourceTree = BUILT_PRODUCTS_DIR; };
		94C58D3C2995358F009FB37F /* AppDelegate.swift */ = {isa = PBXFileReference; lastKnownFileType = sourcecode.swift; path = AppDelegate.swift; sourceTree = "<group>"; };
		94C58D3E2995358F009FB37F /* SceneDelegate.swift */ = {isa = PBXFileReference; lastKnownFileType = sourcecode.swift; path = SceneDelegate.swift; sourceTree = "<group>"; };
		94C58D432995358F009FB37F /* Base */ = {isa = PBXFileReference; lastKnownFileType = file.storyboard; name = Base; path = Base.lproj/Main.storyboard; sourceTree = "<group>"; };
		94C58D4529953590009FB37F /* Assets.xcassets */ = {isa = PBXFileReference; lastKnownFileType = folder.assetcatalog; path = Assets.xcassets; sourceTree = "<group>"; };
		94C58D4829953590009FB37F /* Base */ = {isa = PBXFileReference; lastKnownFileType = file.storyboard; name = Base; path = Base.lproj/LaunchScreen.storyboard; sourceTree = "<group>"; };
		94C58D4A29953590009FB37F /* Info.plist */ = {isa = PBXFileReference; lastKnownFileType = text.plist.xml; path = Info.plist; sourceTree = "<group>"; };
		94C58D5229953985009FB37F /* EnterPresenter.swift */ = {isa = PBXFileReference; lastKnownFileType = sourcecode.swift; path = EnterPresenter.swift; sourceTree = "<group>"; };
		94C58D5329953985009FB37F /* EnterRouter.swift */ = {isa = PBXFileReference; lastKnownFileType = sourcecode.swift; path = EnterRouter.swift; sourceTree = "<group>"; };
		94C58D5429953985009FB37F /* EnterViewController.swift */ = {isa = PBXFileReference; lastKnownFileType = sourcecode.swift; path = EnterViewController.swift; sourceTree = "<group>"; };
		94C58D5529953985009FB37F /* EnterProtocols.swift */ = {isa = PBXFileReference; lastKnownFileType = sourcecode.swift; path = EnterProtocols.swift; sourceTree = "<group>"; };
		94C58D5629953985009FB37F /* EnterInteractor.swift */ = {isa = PBXFileReference; lastKnownFileType = sourcecode.swift; path = EnterInteractor.swift; sourceTree = "<group>"; };
		94C58D5729953985009FB37F /* EnterContainer.swift */ = {isa = PBXFileReference; lastKnownFileType = sourcecode.swift; path = EnterContainer.swift; sourceTree = "<group>"; };
		94C58D5F29953A08009FB37F /* UIView+Layout.swift */ = {isa = PBXFileReference; lastKnownFileType = sourcecode.swift; path = "UIView+Layout.swift"; sourceTree = "<group>"; };
		94C58D6129953BE0009FB37F /* ColorExtension.swift */ = {isa = PBXFileReference; lastKnownFileType = sourcecode.swift; path = ColorExtension.swift; sourceTree = "<group>"; };
		94C58D6329953BF8009FB37F /* ImageExtension.swift */ = {isa = PBXFileReference; lastKnownFileType = sourcecode.swift; path = ImageExtension.swift; sourceTree = "<group>"; };
/* End PBXFileReference section */

/* Begin PBXFrameworksBuildPhase section */
		94C58D362995358F009FB37F /* Frameworks */ = {
			isa = PBXFrameworksBuildPhase;
			buildActionMask = 2147483647;
			files = (
			);
			runOnlyForDeploymentPostprocessing = 0;
		};
/* End PBXFrameworksBuildPhase section */

/* Begin PBXGroup section */
		94C58D302995358F009FB37F = {
			isa = PBXGroup;
			children = (
				94C58D3B2995358F009FB37F /* MarshalOne */,
				94C58D3A2995358F009FB37F /* Products */,
			);
			sourceTree = "<group>";
		};
		94C58D3A2995358F009FB37F /* Products */ = {
			isa = PBXGroup;
			children = (
				94C58D392995358F009FB37F /* MarshalOne.app */,
			);
			name = Products;
			sourceTree = "<group>";
		};
		94C58D3B2995358F009FB37F /* MarshalOne */ = {
			isa = PBXGroup;
			children = (
				94C58D5E299539A5009FB37F /* Extensions */,
				94C58D5129953969009FB37F /* EnterScreen */,
				94C58D5029953912009FB37F /* Delegates */,
				94C58D422995358F009FB37F /* Main.storyboard */,
				94C58D4529953590009FB37F /* Assets.xcassets */,
				94C58D4729953590009FB37F /* LaunchScreen.storyboard */,
				94C58D4A29953590009FB37F /* Info.plist */,
			);
			path = MarshalOne;
			sourceTree = "<group>";
		};
		94C58D5029953912009FB37F /* Delegates */ = {
			isa = PBXGroup;
			children = (
				94C58D3E2995358F009FB37F /* SceneDelegate.swift */,
				94C58D3C2995358F009FB37F /* AppDelegate.swift */,
			);
			path = Delegates;
			sourceTree = "<group>";
		};
		94C58D5129953969009FB37F /* EnterScreen */ = {
			isa = PBXGroup;
			children = (
				94C58D5229953985009FB37F /* EnterPresenter.swift */,
				94C58D5329953985009FB37F /* EnterRouter.swift */,
				94C58D5429953985009FB37F /* EnterViewController.swift */,
				94C58D5529953985009FB37F /* EnterProtocols.swift */,
				94C58D5629953985009FB37F /* EnterInteractor.swift */,
				94C58D5729953985009FB37F /* EnterContainer.swift */,
			);
			path = EnterScreen;
			sourceTree = "<group>";
		};
		94C58D5E299539A5009FB37F /* Extensions */ = {
			isa = PBXGroup;
			children = (
				94C58D5F29953A08009FB37F /* UIView+Layout.swift */,
				94C58D6129953BE0009FB37F /* ColorExtension.swift */,
				94C58D6329953BF8009FB37F /* ImageExtension.swift */,
			);
			path = Extensions;
			sourceTree = "<group>";
		};
/* End PBXGroup section */

/* Begin PBXNativeTarget section */
		94C58D382995358F009FB37F /* MarshalOne */ = {
			isa = PBXNativeTarget;
			buildConfigurationList = 94C58D4D29953590009FB37F /* Build configuration list for PBXNativeTarget "MarshalOne" */;
			buildPhases = (
				94C58D352995358F009FB37F /* Sources */,
				94C58D362995358F009FB37F /* Frameworks */,
				94C58D372995358F009FB37F /* Resources */,
			);
			buildRules = (
			);
			dependencies = (
			);
			name = MarshalOne;
			productName = MarshalOne;
			productReference = 94C58D392995358F009FB37F /* MarshalOne.app */;
			productType = "com.apple.product-type.application";
		};
/* End PBXNativeTarget section */

/* Begin PBXProject section */
		94C58D312995358F009FB37F /* Project object */ = {
			isa = PBXProject;
			attributes = {
				BuildIndependentTargetsInParallel = 1;
				LastSwiftUpdateCheck = 1410;
				LastUpgradeCheck = 1410;
				TargetAttributes = {
					94C58D382995358F009FB37F = {
						CreatedOnToolsVersion = 14.1;
					};
				};
			};
			buildConfigurationList = 94C58D342995358F009FB37F /* Build configuration list for PBXProject "MarshalOne" */;
			compatibilityVersion = "Xcode 14.0";
			developmentRegion = en;
			hasScannedForEncodings = 0;
			knownRegions = (
				en,
				Base,
			);
			mainGroup = 94C58D302995358F009FB37F;
			productRefGroup = 94C58D3A2995358F009FB37F /* Products */;
			projectDirPath = "";
			projectRoot = "";
			targets = (
				94C58D382995358F009FB37F /* MarshalOne */,
			);
		};
/* End PBXProject section */

/* Begin PBXResourcesBuildPhase section */
		94C58D372995358F009FB37F /* Resources */ = {
			isa = PBXResourcesBuildPhase;
			buildActionMask = 2147483647;
			files = (
				94C58D4929953590009FB37F /* LaunchScreen.storyboard in Resources */,
				94C58D4629953590009FB37F /* Assets.xcassets in Resources */,
				94C58D442995358F009FB37F /* Main.storyboard in Resources */,
			);
			runOnlyForDeploymentPostprocessing = 0;
		};
/* End PBXResourcesBuildPhase section */

/* Begin PBXSourcesBuildPhase section */
		94C58D352995358F009FB37F /* Sources */ = {
			isa = PBXSourcesBuildPhase;
			buildActionMask = 2147483647;
			files = (
				94C58D5D29953985009FB37F /* EnterContainer.swift in Sources */,
				94C58D5B29953985009FB37F /* EnterProtocols.swift in Sources */,
				94C58D5A29953985009FB37F /* EnterViewController.swift in Sources */,
				94C58D5829953985009FB37F /* EnterPresenter.swift in Sources */,
				94C58D3D2995358F009FB37F /* AppDelegate.swift in Sources */,
				94C58D6029953A08009FB37F /* UIView+Layout.swift in Sources */,
				94C58D3F2995358F009FB37F /* SceneDelegate.swift in Sources */,
				94C58D5929953985009FB37F /* EnterRouter.swift in Sources */,
				94C58D5C29953985009FB37F /* EnterInteractor.swift in Sources */,
				94C58D6429953BF8009FB37F /* ImageExtension.swift in Sources */,
				94C58D6229953BE0009FB37F /* ColorExtension.swift in Sources */,
			);
			runOnlyForDeploymentPostprocessing = 0;
		};
/* End PBXSourcesBuildPhase section */

/* Begin PBXVariantGroup section */
		94C58D422995358F009FB37F /* Main.storyboard */ = {
			isa = PBXVariantGroup;
			children = (
				94C58D432995358F009FB37F /* Base */,
			);
			name = Main.storyboard;
			sourceTree = "<group>";
		};
		94C58D4729953590009FB37F /* LaunchScreen.storyboard */ = {
			isa = PBXVariantGroup;
			children = (
				94C58D4829953590009FB37F /* Base */,
			);
			name = LaunchScreen.storyboard;
			sourceTree = "<group>";
		};
/* End PBXVariantGroup section */

/* Begin XCBuildConfiguration section */
		94C58D4B29953590009FB37F /* Debug */ = {
			isa = XCBuildConfiguration;
			buildSettings = {
				ALWAYS_SEARCH_USER_PATHS = NO;
				CLANG_ANALYZER_NONNULL = YES;
				CLANG_ANALYZER_NUMBER_OBJECT_CONVERSION = YES_AGGRESSIVE;
				CLANG_CXX_LANGUAGE_STANDARD = "gnu++20";
				CLANG_ENABLE_MODULES = YES;
				CLANG_ENABLE_OBJC_ARC = YES;
				CLANG_ENABLE_OBJC_WEAK = YES;
				CLANG_WARN_BLOCK_CAPTURE_AUTORELEASING = YES;
				CLANG_WARN_BOOL_CONVERSION = YES;
				CLANG_WARN_COMMA = YES;
				CLANG_WARN_CONSTANT_CONVERSION = YES;
				CLANG_WARN_DEPRECATED_OBJC_IMPLEMENTATIONS = YES;
				CLANG_WARN_DIRECT_OBJC_ISA_USAGE = YES_ERROR;
				CLANG_WARN_DOCUMENTATION_COMMENTS = YES;
				CLANG_WARN_EMPTY_BODY = YES;
				CLANG_WARN_ENUM_CONVERSION = YES;
				CLANG_WARN_INFINITE_RECURSION = YES;
				CLANG_WARN_INT_CONVERSION = YES;
				CLANG_WARN_NON_LITERAL_NULL_CONVERSION = YES;
				CLANG_WARN_OBJC_IMPLICIT_RETAIN_SELF = YES;
				CLANG_WARN_OBJC_LITERAL_CONVERSION = YES;
				CLANG_WARN_OBJC_ROOT_CLASS = YES_ERROR;
				CLANG_WARN_QUOTED_INCLUDE_IN_FRAMEWORK_HEADER = YES;
				CLANG_WARN_RANGE_LOOP_ANALYSIS = YES;
				CLANG_WARN_STRICT_PROTOTYPES = YES;
				CLANG_WARN_SUSPICIOUS_MOVE = YES;
				CLANG_WARN_UNGUARDED_AVAILABILITY = YES_AGGRESSIVE;
				CLANG_WARN_UNREACHABLE_CODE = YES;
				CLANG_WARN__DUPLICATE_METHOD_MATCH = YES;
				COPY_PHASE_STRIP = NO;
				DEBUG_INFORMATION_FORMAT = dwarf;
				ENABLE_STRICT_OBJC_MSGSEND = YES;
				ENABLE_TESTABILITY = YES;
				GCC_C_LANGUAGE_STANDARD = gnu11;
				GCC_DYNAMIC_NO_PIC = NO;
				GCC_NO_COMMON_BLOCKS = YES;
				GCC_OPTIMIZATION_LEVEL = 0;
				GCC_PREPROCESSOR_DEFINITIONS = (
					"DEBUG=1",
					"$(inherited)",
				);
				GCC_WARN_64_TO_32_BIT_CONVERSION = YES;
				GCC_WARN_ABOUT_RETURN_TYPE = YES_ERROR;
				GCC_WARN_UNDECLARED_SELECTOR = YES;
				GCC_WARN_UNINITIALIZED_AUTOS = YES_AGGRESSIVE;
				GCC_WARN_UNUSED_FUNCTION = YES;
				GCC_WARN_UNUSED_VARIABLE = YES;
				IPHONEOS_DEPLOYMENT_TARGET = 16.1;
				MTL_ENABLE_DEBUG_INFO = INCLUDE_SOURCE;
				MTL_FAST_MATH = YES;
				ONLY_ACTIVE_ARCH = YES;
				SDKROOT = iphoneos;
				SWIFT_ACTIVE_COMPILATION_CONDITIONS = DEBUG;
				SWIFT_OPTIMIZATION_LEVEL = "-Onone";
			};
			name = Debug;
		};
		94C58D4C29953590009FB37F /* Release */ = {
			isa = XCBuildConfiguration;
			buildSettings = {
				ALWAYS_SEARCH_USER_PATHS = NO;
				CLANG_ANALYZER_NONNULL = YES;
				CLANG_ANALYZER_NUMBER_OBJECT_CONVERSION = YES_AGGRESSIVE;
				CLANG_CXX_LANGUAGE_STANDARD = "gnu++20";
				CLANG_ENABLE_MODULES = YES;
				CLANG_ENABLE_OBJC_ARC = YES;
				CLANG_ENABLE_OBJC_WEAK = YES;
				CLANG_WARN_BLOCK_CAPTURE_AUTORELEASING = YES;
				CLANG_WARN_BOOL_CONVERSION = YES;
				CLANG_WARN_COMMA = YES;
				CLANG_WARN_CONSTANT_CONVERSION = YES;
				CLANG_WARN_DEPRECATED_OBJC_IMPLEMENTATIONS = YES;
				CLANG_WARN_DIRECT_OBJC_ISA_USAGE = YES_ERROR;
				CLANG_WARN_DOCUMENTATION_COMMENTS = YES;
				CLANG_WARN_EMPTY_BODY = YES;
				CLANG_WARN_ENUM_CONVERSION = YES;
				CLANG_WARN_INFINITE_RECURSION = YES;
				CLANG_WARN_INT_CONVERSION = YES;
				CLANG_WARN_NON_LITERAL_NULL_CONVERSION = YES;
				CLANG_WARN_OBJC_IMPLICIT_RETAIN_SELF = YES;
				CLANG_WARN_OBJC_LITERAL_CONVERSION = YES;
				CLANG_WARN_OBJC_ROOT_CLASS = YES_ERROR;
				CLANG_WARN_QUOTED_INCLUDE_IN_FRAMEWORK_HEADER = YES;
				CLANG_WARN_RANGE_LOOP_ANALYSIS = YES;
				CLANG_WARN_STRICT_PROTOTYPES = YES;
				CLANG_WARN_SUSPICIOUS_MOVE = YES;
				CLANG_WARN_UNGUARDED_AVAILABILITY = YES_AGGRESSIVE;
				CLANG_WARN_UNREACHABLE_CODE = YES;
				CLANG_WARN__DUPLICATE_METHOD_MATCH = YES;
				COPY_PHASE_STRIP = NO;
				DEBUG_INFORMATION_FORMAT = "dwarf-with-dsym";
				ENABLE_NS_ASSERTIONS = NO;
				ENABLE_STRICT_OBJC_MSGSEND = YES;
				GCC_C_LANGUAGE_STANDARD = gnu11;
				GCC_NO_COMMON_BLOCKS = YES;
				GCC_WARN_64_TO_32_BIT_CONVERSION = YES;
				GCC_WARN_ABOUT_RETURN_TYPE = YES_ERROR;
				GCC_WARN_UNDECLARED_SELECTOR = YES;
				GCC_WARN_UNINITIALIZED_AUTOS = YES_AGGRESSIVE;
				GCC_WARN_UNUSED_FUNCTION = YES;
				GCC_WARN_UNUSED_VARIABLE = YES;
				IPHONEOS_DEPLOYMENT_TARGET = 16.1;
				MTL_ENABLE_DEBUG_INFO = NO;
				MTL_FAST_MATH = YES;
				SDKROOT = iphoneos;
				SWIFT_COMPILATION_MODE = wholemodule;
				SWIFT_OPTIMIZATION_LEVEL = "-O";
				VALIDATE_PRODUCT = YES;
			};
			name = Release;
		};
		94C58D4E29953590009FB37F /* Debug */ = {
			isa = XCBuildConfiguration;
			buildSettings = {
				ASSETCATALOG_COMPILER_APPICON_NAME = AppIcon;
				ASSETCATALOG_COMPILER_GLOBAL_ACCENT_COLOR_NAME = AccentColor;
				CODE_SIGN_STYLE = Automatic;
				CURRENT_PROJECT_VERSION = 1;
				DEVELOPMENT_TEAM = 8658YBX4V7;
				GENERATE_INFOPLIST_FILE = YES;
				INFOPLIST_FILE = MarshalOne/Info.plist;
				INFOPLIST_KEY_UIApplicationSupportsIndirectInputEvents = YES;
				INFOPLIST_KEY_UILaunchStoryboardName = LaunchScreen;
				INFOPLIST_KEY_UIMainStoryboardFile = Main;
				INFOPLIST_KEY_UISupportedInterfaceOrientations_iPad = "UIInterfaceOrientationPortrait UIInterfaceOrientationPortraitUpsideDown UIInterfaceOrientationLandscapeLeft UIInterfaceOrientationLandscapeRight";
				INFOPLIST_KEY_UISupportedInterfaceOrientations_iPhone = "UIInterfaceOrientationPortrait UIInterfaceOrientationLandscapeLeft UIInterfaceOrientationLandscapeRight";
				LD_RUNPATH_SEARCH_PATHS = (
					"$(inherited)",
					"@executable_path/Frameworks",
				);
				MARKETING_VERSION = 1.0;
				PRODUCT_BUNDLE_IDENTIFIER = "nika-rvv.MarshalOne";
				PRODUCT_NAME = "$(TARGET_NAME)";
				SWIFT_EMIT_LOC_STRINGS = YES;
				SWIFT_VERSION = 5.0;
				TARGETED_DEVICE_FAMILY = "1,2";
			};
			name = Debug;
		};
		94C58D4F29953590009FB37F /* Release */ = {
			isa = XCBuildConfiguration;
			buildSettings = {
				ASSETCATALOG_COMPILER_APPICON_NAME = AppIcon;
				ASSETCATALOG_COMPILER_GLOBAL_ACCENT_COLOR_NAME = AccentColor;
				CODE_SIGN_STYLE = Automatic;
				CURRENT_PROJECT_VERSION = 1;
				DEVELOPMENT_TEAM = 8658YBX4V7;
				GENERATE_INFOPLIST_FILE = YES;
				INFOPLIST_FILE = MarshalOne/Info.plist;
				INFOPLIST_KEY_UIApplicationSupportsIndirectInputEvents = YES;
				INFOPLIST_KEY_UILaunchStoryboardName = LaunchScreen;
				INFOPLIST_KEY_UIMainStoryboardFile = Main;
				INFOPLIST_KEY_UISupportedInterfaceOrientations_iPad = "UIInterfaceOrientationPortrait UIInterfaceOrientationPortraitUpsideDown UIInterfaceOrientationLandscapeLeft UIInterfaceOrientationLandscapeRight";
				INFOPLIST_KEY_UISupportedInterfaceOrientations_iPhone = "UIInterfaceOrientationPortrait UIInterfaceOrientationLandscapeLeft UIInterfaceOrientationLandscapeRight";
				LD_RUNPATH_SEARCH_PATHS = (
					"$(inherited)",
					"@executable_path/Frameworks",
				);
				MARKETING_VERSION = 1.0;
				PRODUCT_BUNDLE_IDENTIFIER = "nika-rvv.MarshalOne";
				PRODUCT_NAME = "$(TARGET_NAME)";
				SWIFT_EMIT_LOC_STRINGS = YES;
				SWIFT_VERSION = 5.0;
				TARGETED_DEVICE_FAMILY = "1,2";
			};
			name = Release;
		};
/* End XCBuildConfiguration section */

/* Begin XCConfigurationList section */
		94C58D342995358F009FB37F /* Build configuration list for PBXProject "MarshalOne" */ = {
			isa = XCConfigurationList;
			buildConfigurations = (
				94C58D4B29953590009FB37F /* Debug */,
				94C58D4C29953590009FB37F /* Release */,
			);
			defaultConfigurationIsVisible = 0;
			defaultConfigurationName = Release;
		};
		94C58D4D29953590009FB37F /* Build configuration list for PBXNativeTarget "MarshalOne" */ = {
			isa = XCConfigurationList;
			buildConfigurations = (
				94C58D4E29953590009FB37F /* Debug */,
				94C58D4F29953590009FB37F /* Release */,
			);
			defaultConfigurationIsVisible = 0;
			defaultConfigurationName = Release;
		};
/* End XCConfigurationList section */
	};
	rootObject = 94C58D312995358F009FB37F /* Project object */;
}
